PODS:
  - "AnalyticsSwiftCIO (1.5.14+cio.1)":
    - JSONSafeEncoding (= 2.0.0)
    - Sovran (= 1.1.1)
  - boost (1.83.0)
  - customerio-reactnative (3.9.0):
    - customerio-reactnative/nopush (= 3.9.0)
    - CustomerIO/DataPipelines (= 3.4.1)
    - CustomerIO/MessagingInApp (= 3.4.1)
    - React-Core
  - customerio-reactnative-richpush/fcm (3.9.0):
    - CustomerIO/MessagingPushFCM (= 3.4.1)
  - customerio-reactnative/nopush (3.9.0):
    - CustomerIO/DataPipelines (= 3.4.1)
    - CustomerIO/MessagingInApp (= 3.4.1)
    - CustomerIO/MessagingPush (= 3.4.1)
    - React-Core
  - CustomerIO/DataPipelines (3.4.1):
    - CustomerIODataPipelines (= 3.4.1)
  - CustomerIO/MessagingInApp (3.4.1):
    - CustomerIOMessagingInApp (= 3.4.1)
  - CustomerIO/MessagingPush (3.4.1):
    - CustomerIOMessagingPush (= 3.4.1)
  - CustomerIO/MessagingPushFCM (3.4.1):
    - CustomerIOMessagingPushFCM (= 3.4.1)
  - CustomerIOCommon (3.4.1)
  - CustomerIODataPipelines (3.4.1):
    - "AnalyticsSwiftCIO (= 1.5.14+cio.1)"
    - CustomerIOCommon (= 3.4.1)
    - CustomerIOTrackingMigration (= 3.4.1)
  - CustomerIOMessagingInApp (3.4.1):
    - CustomerIOCommon (= 3.4.1)
  - CustomerIOMessagingPush (3.4.1):
    - CustomerIOCommon (= 3.4.1)
  - CustomerIOMessagingPushFCM (3.4.1):
    - CustomerIOMessagingPush (= 3.4.1)
    - FirebaseMessaging (< 12, >= 8.7.0)
  - CustomerIOTrackingMigration (3.4.1):
    - CustomerIOCommon (= 3.4.1)
  - DoubleConversion (1.1.6)
  - FBLazyVector (0.73.10)
  - FBReactNativeSpec (0.73.10):
    - RCT-Folly (= 2022.05.16.00)
    - RCTRequired (= 0.73.10)
    - RCTTypeSafety (= 0.73.10)
    - React-Core (= 0.73.10)
    - React-jsi (= 0.73.10)
    - ReactCommon/turbomodule/core (= 0.73.10)
  - Firebase/CoreOnly (10.20.0):
    - FirebaseCore (= 10.20.0)
  - Firebase/Messaging (10.20.0):
    - Firebase/CoreOnly
    - FirebaseMessaging (~> 10.20.0)
  - FirebaseCore (10.20.0):
    - FirebaseCoreInternal (~> 10.0)
    - GoogleUtilities/Environment (~> 7.12)
    - GoogleUtilities/Logger (~> 7.12)
  - FirebaseCoreExtension (10.20.0):
    - FirebaseCore (~> 10.0)
  - FirebaseCoreInternal (10.29.0):
    - "GoogleUtilities/NSData+zlib (~> 7.8)"
  - FirebaseInstallations (10.29.0):
    - FirebaseCore (~> 10.0)
    - GoogleUtilities/Environment (~> 7.8)
    - GoogleUtilities/UserDefaults (~> 7.8)
    - PromisesObjC (~> 2.1)
  - FirebaseMessaging (10.20.0):
    - FirebaseCore (~> 10.0)
    - FirebaseInstallations (~> 10.0)
    - GoogleDataTransport (~> 9.3)
    - GoogleUtilities/AppDelegateSwizzler (~> 7.8)
    - GoogleUtilities/Environment (~> 7.8)
    - GoogleUtilities/Reachability (~> 7.8)
    - GoogleUtilities/UserDefaults (~> 7.8)
    - nanopb (< 2.30910.0, >= 2.30908.0)
  - fmt (6.2.1)
  - glog (0.3.5)
  - GoogleDataTransport (9.4.1):
    - GoogleUtilities/Environment (~> 7.7)
    - nanopb (< 2.30911.0, >= 2.30908.0)
    - PromisesObjC (< 3.0, >= 1.2)
  - GoogleUtilities/AppDelegateSwizzler (7.13.3):
    - GoogleUtilities/Environment
    - GoogleUtilities/Logger
    - GoogleUtilities/Network
    - GoogleUtilities/Privacy
  - GoogleUtilities/Environment (7.13.3):
    - GoogleUtilities/Privacy
    - PromisesObjC (< 3.0, >= 1.2)
  - GoogleUtilities/Logger (7.13.3):
    - GoogleUtilities/Environment
    - GoogleUtilities/Privacy
  - GoogleUtilities/Network (7.13.3):
    - GoogleUtilities/Logger
    - "GoogleUtilities/NSData+zlib"
    - GoogleUtilities/Privacy
    - GoogleUtilities/Reachability
  - "GoogleUtilities/NSData+zlib (7.13.3)":
    - GoogleUtilities/Privacy
  - GoogleUtilities/Privacy (7.13.3)
  - GoogleUtilities/Reachability (7.13.3):
    - GoogleUtilities/Logger
    - GoogleUtilities/Privacy
  - GoogleUtilities/UserDefaults (7.13.3):
    - GoogleUtilities/Logger
    - GoogleUtilities/Privacy
  - hermes-engine (0.73.10):
    - hermes-engine/Pre-built (= 0.73.10)
  - hermes-engine/Pre-built (0.73.10)
  - JSONSafeEncoding (2.0.0)
  - libevent (2.1.12)
  - nanopb (2.30909.1):
    - nanopb/decode (= 2.30909.1)
    - nanopb/encode (= 2.30909.1)
  - nanopb/decode (2.30909.1)
  - nanopb/encode (2.30909.1)
  - PromisesObjC (2.4.0)
  - RCT-Folly (2022.05.16.00):
    - boost
    - DoubleConversion
    - fmt (~> 6.2.1)
    - glog
    - RCT-Folly/Default (= 2022.05.16.00)
  - RCT-Folly/Default (2022.05.16.00):
    - boost
    - DoubleConversion
    - fmt (~> 6.2.1)
    - glog
  - RCT-Folly/Fabric (2022.05.16.00):
    - boost
    - DoubleConversion
    - fmt (~> 6.2.1)
    - glog
  - RCT-Folly/Futures (2022.05.16.00):
    - boost
    - DoubleConversion
    - fmt (~> 6.2.1)
    - glog
    - libevent
  - RCTRequired (0.73.10)
  - RCTTypeSafety (0.73.10):
    - FBLazyVector (= 0.73.10)
    - RCTRequired (= 0.73.10)
    - React-Core (= 0.73.10)
  - React (0.73.10):
    - React-Core (= 0.73.10)
    - React-Core/DevSupport (= 0.73.10)
    - React-Core/RCTWebSocket (= 0.73.10)
    - React-RCTActionSheet (= 0.73.10)
    - React-RCTAnimation (= 0.73.10)
    - React-RCTBlob (= 0.73.10)
    - React-RCTImage (= 0.73.10)
    - React-RCTLinking (= 0.73.10)
    - React-RCTNetwork (= 0.73.10)
    - React-RCTSettings (= 0.73.10)
    - React-RCTText (= 0.73.10)
    - React-RCTVibration (= 0.73.10)
  - React-callinvoker (0.73.10)
  - React-Codegen (0.73.10):
    - DoubleConversion
    - FBReactNativeSpec
    - glog
    - hermes-engine
    - RCT-Folly
    - RCTRequired
    - RCTTypeSafety
    - React-Core
    - React-jsi
    - React-jsiexecutor
    - React-NativeModulesApple
    - React-rncore
    - ReactCommon/turbomodule/bridging
    - ReactCommon/turbomodule/core
  - React-Core (0.73.10):
    - glog
    - hermes-engine
    - RCT-Folly (= 2022.05.16.00)
    - React-Core/Default (= 0.73.10)
    - React-cxxreact
    - React-hermes
    - React-jsi
    - React-jsiexecutor
    - React-perflogger
    - React-runtimescheduler
    - React-utils
    - SocketRocket (= 0.6.1)
    - Yoga
  - React-Core/CoreModulesHeaders (0.73.10):
    - glog
    - hermes-engine
    - RCT-Folly (= 2022.05.16.00)
    - React-Core/Default
    - React-cxxreact
    - React-hermes
    - React-jsi
    - React-jsiexecutor
    - React-perflogger
    - React-runtimescheduler
    - React-utils
    - SocketRocket (= 0.6.1)
    - Yoga
  - React-Core/Default (0.73.10):
    - glog
    - hermes-engine
    - RCT-Folly (= 2022.05.16.00)
    - React-cxxreact
    - React-hermes
    - React-jsi
    - React-jsiexecutor
    - React-perflogger
    - React-runtimescheduler
    - React-utils
    - SocketRocket (= 0.6.1)
    - Yoga
  - React-Core/DevSupport (0.73.10):
    - glog
    - hermes-engine
    - RCT-Folly (= 2022.05.16.00)
    - React-Core/Default (= 0.73.10)
    - React-Core/RCTWebSocket (= 0.73.10)
    - React-cxxreact
    - React-hermes
    - React-jsi
    - React-jsiexecutor
    - React-jsinspector (= 0.73.10)
    - React-perflogger
    - React-runtimescheduler
    - React-utils
    - SocketRocket (= 0.6.1)
    - Yoga
  - React-Core/RCTActionSheetHeaders (0.73.10):
    - glog
    - hermes-engine
    - RCT-Folly (= 2022.05.16.00)
    - React-Core/Default
    - React-cxxreact
    - React-hermes
    - React-jsi
    - React-jsiexecutor
    - React-perflogger
    - React-runtimescheduler
    - React-utils
    - SocketRocket (= 0.6.1)
    - Yoga
  - React-Core/RCTAnimationHeaders (0.73.10):
    - glog
    - hermes-engine
    - RCT-Folly (= 2022.05.16.00)
    - React-Core/Default
    - React-cxxreact
    - React-hermes
    - React-jsi
    - React-jsiexecutor
    - React-perflogger
    - React-runtimescheduler
    - React-utils
    - SocketRocket (= 0.6.1)
    - Yoga
  - React-Core/RCTBlobHeaders (0.73.10):
    - glog
    - hermes-engine
    - RCT-Folly (= 2022.05.16.00)
    - React-Core/Default
    - React-cxxreact
    - React-hermes
    - React-jsi
    - React-jsiexecutor
    - React-perflogger
    - React-runtimescheduler
    - React-utils
    - SocketRocket (= 0.6.1)
    - Yoga
  - React-Core/RCTImageHeaders (0.73.10):
    - glog
    - hermes-engine
    - RCT-Folly (= 2022.05.16.00)
    - React-Core/Default
    - React-cxxreact
    - React-hermes
    - React-jsi
    - React-jsiexecutor
    - React-perflogger
    - React-runtimescheduler
    - React-utils
    - SocketRocket (= 0.6.1)
    - Yoga
  - React-Core/RCTLinkingHeaders (0.73.10):
    - glog
    - hermes-engine
    - RCT-Folly (= 2022.05.16.00)
    - React-Core/Default
    - React-cxxreact
    - React-hermes
    - React-jsi
    - React-jsiexecutor
    - React-perflogger
    - React-runtimescheduler
    - React-utils
    - SocketRocket (= 0.6.1)
    - Yoga
  - React-Core/RCTNetworkHeaders (0.73.10):
    - glog
    - hermes-engine
    - RCT-Folly (= 2022.05.16.00)
    - React-Core/Default
    - React-cxxreact
    - React-hermes
    - React-jsi
    - React-jsiexecutor
    - React-perflogger
    - React-runtimescheduler
    - React-utils
    - SocketRocket (= 0.6.1)
    - Yoga
  - React-Core/RCTSettingsHeaders (0.73.10):
    - glog
    - hermes-engine
    - RCT-Folly (= 2022.05.16.00)
    - React-Core/Default
    - React-cxxreact
    - React-hermes
    - React-jsi
    - React-jsiexecutor
    - React-perflogger
    - React-runtimescheduler
    - React-utils
    - SocketRocket (= 0.6.1)
    - Yoga
  - React-Core/RCTTextHeaders (0.73.10):
    - glog
    - hermes-engine
    - RCT-Folly (= 2022.05.16.00)
    - React-Core/Default
    - React-cxxreact
    - React-hermes
    - React-jsi
    - React-jsiexecutor
    - React-perflogger
    - React-runtimescheduler
    - React-utils
    - SocketRocket (= 0.6.1)
    - Yoga
  - React-Core/RCTVibrationHeaders (0.73.10):
    - glog
    - hermes-engine
    - RCT-Folly (= 2022.05.16.00)
    - React-Core/Default
    - React-cxxreact
    - React-hermes
    - React-jsi
    - React-jsiexecutor
    - React-perflogger
    - React-runtimescheduler
    - React-utils
    - SocketRocket (= 0.6.1)
    - Yoga
  - React-Core/RCTWebSocket (0.73.10):
    - glog
    - hermes-engine
    - RCT-Folly (= 2022.05.16.00)
    - React-Core/Default (= 0.73.10)
    - React-cxxreact
    - React-hermes
    - React-jsi
    - React-jsiexecutor
    - React-perflogger
    - React-runtimescheduler
    - React-utils
    - SocketRocket (= 0.6.1)
    - Yoga
  - React-CoreModules (0.73.10):
    - RCT-Folly (= 2022.05.16.00)
    - RCTTypeSafety (= 0.73.10)
    - React-Codegen
    - React-Core/CoreModulesHeaders (= 0.73.10)
    - React-jsi (= 0.73.10)
    - React-NativeModulesApple
    - React-RCTBlob
    - React-RCTImage (= 0.73.10)
    - ReactCommon
    - SocketRocket (= 0.6.1)
  - React-cxxreact (0.73.10):
    - boost (= 1.83.0)
    - DoubleConversion
    - fmt (~> 6.2.1)
    - glog
    - hermes-engine
    - RCT-Folly (= 2022.05.16.00)
    - React-callinvoker (= 0.73.10)
    - React-debug (= 0.73.10)
    - React-jsi (= 0.73.10)
    - React-jsinspector (= 0.73.10)
    - React-logger (= 0.73.10)
    - React-perflogger (= 0.73.10)
    - React-runtimeexecutor (= 0.73.10)
  - React-debug (0.73.10)
  - React-Fabric (0.73.10):
    - DoubleConversion
    - fmt (~> 6.2.1)
    - glog
    - hermes-engine
    - RCT-Folly/Fabric (= 2022.05.16.00)
    - RCTRequired
    - RCTTypeSafety
    - React-Core
    - React-cxxreact
    - React-debug
    - React-Fabric/animations (= 0.73.10)
    - React-Fabric/attributedstring (= 0.73.10)
    - React-Fabric/componentregistry (= 0.73.10)
    - React-Fabric/componentregistrynative (= 0.73.10)
    - React-Fabric/components (= 0.73.10)
    - React-Fabric/core (= 0.73.10)
    - React-Fabric/imagemanager (= 0.73.10)
    - React-Fabric/leakchecker (= 0.73.10)
    - React-Fabric/mounting (= 0.73.10)
    - React-Fabric/scheduler (= 0.73.10)
    - React-Fabric/telemetry (= 0.73.10)
    - React-Fabric/templateprocessor (= 0.73.10)
    - React-Fabric/textlayoutmanager (= 0.73.10)
    - React-Fabric/uimanager (= 0.73.10)
    - React-graphics
    - React-jsi
    - React-jsiexecutor
    - React-logger
    - React-rendererdebug
    - React-runtimescheduler
    - React-utils
    - ReactCommon/turbomodule/core
  - React-Fabric/animations (0.73.10):
    - DoubleConversion
    - fmt (~> 6.2.1)
    - glog
    - hermes-engine
    - RCT-Folly/Fabric (= 2022.05.16.00)
    - RCTRequired
    - RCTTypeSafety
    - React-Core
    - React-cxxreact
    - React-debug
    - React-graphics
    - React-jsi
    - React-jsiexecutor
    - React-logger
    - React-rendererdebug
    - React-runtimescheduler
    - React-utils
    - ReactCommon/turbomodule/core
  - React-Fabric/attributedstring (0.73.10):
    - DoubleConversion
    - fmt (~> 6.2.1)
    - glog
    - hermes-engine
    - RCT-Folly/Fabric (= 2022.05.16.00)
    - RCTRequired
    - RCTTypeSafety
    - React-Core
    - React-cxxreact
    - React-debug
    - React-graphics
    - React-jsi
    - React-jsiexecutor
    - React-logger
    - React-rendererdebug
    - React-runtimescheduler
    - React-utils
    - ReactCommon/turbomodule/core
  - React-Fabric/componentregistry (0.73.10):
    - DoubleConversion
    - fmt (~> 6.2.1)
    - glog
    - hermes-engine
    - RCT-Folly/Fabric (= 2022.05.16.00)
    - RCTRequired
    - RCTTypeSafety
    - React-Core
    - React-cxxreact
    - React-debug
    - React-graphics
    - React-jsi
    - React-jsiexecutor
    - React-logger
    - React-rendererdebug
    - React-runtimescheduler
    - React-utils
    - ReactCommon/turbomodule/core
  - React-Fabric/componentregistrynative (0.73.10):
    - DoubleConversion
    - fmt (~> 6.2.1)
    - glog
    - hermes-engine
    - RCT-Folly/Fabric (= 2022.05.16.00)
    - RCTRequired
    - RCTTypeSafety
    - React-Core
    - React-cxxreact
    - React-debug
    - React-graphics
    - React-jsi
    - React-jsiexecutor
    - React-logger
    - React-rendererdebug
    - React-runtimescheduler
    - React-utils
    - ReactCommon/turbomodule/core
  - React-Fabric/components (0.73.10):
    - DoubleConversion
    - fmt (~> 6.2.1)
    - glog
    - hermes-engine
    - RCT-Folly/Fabric (= 2022.05.16.00)
    - RCTRequired
    - RCTTypeSafety
    - React-Core
    - React-cxxreact
    - React-debug
    - React-Fabric/components/inputaccessory (= 0.73.10)
    - React-Fabric/components/legacyviewmanagerinterop (= 0.73.10)
    - React-Fabric/components/modal (= 0.73.10)
    - React-Fabric/components/rncore (= 0.73.10)
    - React-Fabric/components/root (= 0.73.10)
    - React-Fabric/components/safeareaview (= 0.73.10)
    - React-Fabric/components/scrollview (= 0.73.10)
    - React-Fabric/components/text (= 0.73.10)
    - React-Fabric/components/textinput (= 0.73.10)
    - React-Fabric/components/unimplementedview (= 0.73.10)
    - React-Fabric/components/view (= 0.73.10)
    - React-graphics
    - React-jsi
    - React-jsiexecutor
    - React-logger
    - React-rendererdebug
    - React-runtimescheduler
    - React-utils
    - ReactCommon/turbomodule/core
  - React-Fabric/components/inputaccessory (0.73.10):
    - DoubleConversion
    - fmt (~> 6.2.1)
    - glog
    - hermes-engine
    - RCT-Folly/Fabric (= 2022.05.16.00)
    - RCTRequired
    - RCTTypeSafety
    - React-Core
    - React-cxxreact
    - React-debug
    - React-graphics
    - React-jsi
    - React-jsiexecutor
    - React-logger
    - React-rendererdebug
    - React-runtimescheduler
    - React-utils
    - ReactCommon/turbomodule/core
  - React-Fabric/components/legacyviewmanagerinterop (0.73.10):
    - DoubleConversion
    - fmt (~> 6.2.1)
    - glog
    - hermes-engine
    - RCT-Folly/Fabric (= 2022.05.16.00)
    - RCTRequired
    - RCTTypeSafety
    - React-Core
    - React-cxxreact
    - React-debug
    - React-graphics
    - React-jsi
    - React-jsiexecutor
    - React-logger
    - React-rendererdebug
    - React-runtimescheduler
    - React-utils
    - ReactCommon/turbomodule/core
  - React-Fabric/components/modal (0.73.10):
    - DoubleConversion
    - fmt (~> 6.2.1)
    - glog
    - hermes-engine
    - RCT-Folly/Fabric (= 2022.05.16.00)
    - RCTRequired
    - RCTTypeSafety
    - React-Core
    - React-cxxreact
    - React-debug
    - React-graphics
    - React-jsi
    - React-jsiexecutor
    - React-logger
    - React-rendererdebug
    - React-runtimescheduler
    - React-utils
    - ReactCommon/turbomodule/core
  - React-Fabric/components/rncore (0.73.10):
    - DoubleConversion
    - fmt (~> 6.2.1)
    - glog
    - hermes-engine
    - RCT-Folly/Fabric (= 2022.05.16.00)
    - RCTRequired
    - RCTTypeSafety
    - React-Core
    - React-cxxreact
    - React-debug
    - React-graphics
    - React-jsi
    - React-jsiexecutor
    - React-logger
    - React-rendererdebug
    - React-runtimescheduler
    - React-utils
    - ReactCommon/turbomodule/core
  - React-Fabric/components/root (0.73.10):
    - DoubleConversion
    - fmt (~> 6.2.1)
    - glog
    - hermes-engine
    - RCT-Folly/Fabric (= 2022.05.16.00)
    - RCTRequired
    - RCTTypeSafety
    - React-Core
    - React-cxxreact
    - React-debug
    - React-graphics
    - React-jsi
    - React-jsiexecutor
    - React-logger
    - React-rendererdebug
    - React-runtimescheduler
    - React-utils
    - ReactCommon/turbomodule/core
  - React-Fabric/components/safeareaview (0.73.10):
    - DoubleConversion
    - fmt (~> 6.2.1)
    - glog
    - hermes-engine
    - RCT-Folly/Fabric (= 2022.05.16.00)
    - RCTRequired
    - RCTTypeSafety
    - React-Core
    - React-cxxreact
    - React-debug
    - React-graphics
    - React-jsi
    - React-jsiexecutor
    - React-logger
    - React-rendererdebug
    - React-runtimescheduler
    - React-utils
    - ReactCommon/turbomodule/core
  - React-Fabric/components/scrollview (0.73.10):
    - DoubleConversion
    - fmt (~> 6.2.1)
    - glog
    - hermes-engine
    - RCT-Folly/Fabric (= 2022.05.16.00)
    - RCTRequired
    - RCTTypeSafety
    - React-Core
    - React-cxxreact
    - React-debug
    - React-graphics
    - React-jsi
    - React-jsiexecutor
    - React-logger
    - React-rendererdebug
    - React-runtimescheduler
    - React-utils
    - ReactCommon/turbomodule/core
  - React-Fabric/components/text (0.73.10):
    - DoubleConversion
    - fmt (~> 6.2.1)
    - glog
    - hermes-engine
    - RCT-Folly/Fabric (= 2022.05.16.00)
    - RCTRequired
    - RCTTypeSafety
    - React-Core
    - React-cxxreact
    - React-debug
    - React-graphics
    - React-jsi
    - React-jsiexecutor
    - React-logger
    - React-rendererdebug
    - React-runtimescheduler
    - React-utils
    - ReactCommon/turbomodule/core
  - React-Fabric/components/textinput (0.73.10):
    - DoubleConversion
    - fmt (~> 6.2.1)
    - glog
    - hermes-engine
    - RCT-Folly/Fabric (= 2022.05.16.00)
    - RCTRequired
    - RCTTypeSafety
    - React-Core
    - React-cxxreact
    - React-debug
    - React-graphics
    - React-jsi
    - React-jsiexecutor
    - React-logger
    - React-rendererdebug
    - React-runtimescheduler
    - React-utils
    - ReactCommon/turbomodule/core
  - React-Fabric/components/unimplementedview (0.73.10):
    - DoubleConversion
    - fmt (~> 6.2.1)
    - glog
    - hermes-engine
    - RCT-Folly/Fabric (= 2022.05.16.00)
    - RCTRequired
    - RCTTypeSafety
    - React-Core
    - React-cxxreact
    - React-debug
    - React-graphics
    - React-jsi
    - React-jsiexecutor
    - React-logger
    - React-rendererdebug
    - React-runtimescheduler
    - React-utils
    - ReactCommon/turbomodule/core
  - React-Fabric/components/view (0.73.10):
    - DoubleConversion
    - fmt (~> 6.2.1)
    - glog
    - hermes-engine
    - RCT-Folly/Fabric (= 2022.05.16.00)
    - RCTRequired
    - RCTTypeSafety
    - React-Core
    - React-cxxreact
    - React-debug
    - React-graphics
    - React-jsi
    - React-jsiexecutor
    - React-logger
    - React-rendererdebug
    - React-runtimescheduler
    - React-utils
    - ReactCommon/turbomodule/core
    - Yoga
  - React-Fabric/core (0.73.10):
    - DoubleConversion
    - fmt (~> 6.2.1)
    - glog
    - hermes-engine
    - RCT-Folly/Fabric (= 2022.05.16.00)
    - RCTRequired
    - RCTTypeSafety
    - React-Core
    - React-cxxreact
    - React-debug
    - React-graphics
    - React-jsi
    - React-jsiexecutor
    - React-logger
    - React-rendererdebug
    - React-runtimescheduler
    - React-utils
    - ReactCommon/turbomodule/core
  - React-Fabric/imagemanager (0.73.10):
    - DoubleConversion
    - fmt (~> 6.2.1)
    - glog
    - hermes-engine
    - RCT-Folly/Fabric (= 2022.05.16.00)
    - RCTRequired
    - RCTTypeSafety
    - React-Core
    - React-cxxreact
    - React-debug
    - React-graphics
    - React-jsi
    - React-jsiexecutor
    - React-logger
    - React-rendererdebug
    - React-runtimescheduler
    - React-utils
    - ReactCommon/turbomodule/core
  - React-Fabric/leakchecker (0.73.10):
    - DoubleConversion
    - fmt (~> 6.2.1)
    - glog
    - hermes-engine
    - RCT-Folly/Fabric (= 2022.05.16.00)
    - RCTRequired
    - RCTTypeSafety
    - React-Core
    - React-cxxreact
    - React-debug
    - React-graphics
    - React-jsi
    - React-jsiexecutor
    - React-logger
    - React-rendererdebug
    - React-runtimescheduler
    - React-utils
    - ReactCommon/turbomodule/core
  - React-Fabric/mounting (0.73.10):
    - DoubleConversion
    - fmt (~> 6.2.1)
    - glog
    - hermes-engine
    - RCT-Folly/Fabric (= 2022.05.16.00)
    - RCTRequired
    - RCTTypeSafety
    - React-Core
    - React-cxxreact
    - React-debug
    - React-graphics
    - React-jsi
    - React-jsiexecutor
    - React-logger
    - React-rendererdebug
    - React-runtimescheduler
    - React-utils
    - ReactCommon/turbomodule/core
  - React-Fabric/scheduler (0.73.10):
    - DoubleConversion
    - fmt (~> 6.2.1)
    - glog
    - hermes-engine
    - RCT-Folly/Fabric (= 2022.05.16.00)
    - RCTRequired
    - RCTTypeSafety
    - React-Core
    - React-cxxreact
    - React-debug
    - React-graphics
    - React-jsi
    - React-jsiexecutor
    - React-logger
    - React-rendererdebug
    - React-runtimescheduler
    - React-utils
    - ReactCommon/turbomodule/core
  - React-Fabric/telemetry (0.73.10):
    - DoubleConversion
    - fmt (~> 6.2.1)
    - glog
    - hermes-engine
    - RCT-Folly/Fabric (= 2022.05.16.00)
    - RCTRequired
    - RCTTypeSafety
    - React-Core
    - React-cxxreact
    - React-debug
    - React-graphics
    - React-jsi
    - React-jsiexecutor
    - React-logger
    - React-rendererdebug
    - React-runtimescheduler
    - React-utils
    - ReactCommon/turbomodule/core
  - React-Fabric/templateprocessor (0.73.10):
    - DoubleConversion
    - fmt (~> 6.2.1)
    - glog
    - hermes-engine
    - RCT-Folly/Fabric (= 2022.05.16.00)
    - RCTRequired
    - RCTTypeSafety
    - React-Core
    - React-cxxreact
    - React-debug
    - React-graphics
    - React-jsi
    - React-jsiexecutor
    - React-logger
    - React-rendererdebug
    - React-runtimescheduler
    - React-utils
    - ReactCommon/turbomodule/core
  - React-Fabric/textlayoutmanager (0.73.10):
    - DoubleConversion
    - fmt (~> 6.2.1)
    - glog
    - hermes-engine
    - RCT-Folly/Fabric (= 2022.05.16.00)
    - RCTRequired
    - RCTTypeSafety
    - React-Core
    - React-cxxreact
    - React-debug
    - React-Fabric/uimanager
    - React-graphics
    - React-jsi
    - React-jsiexecutor
    - React-logger
    - React-rendererdebug
    - React-runtimescheduler
    - React-utils
    - ReactCommon/turbomodule/core
  - React-Fabric/uimanager (0.73.10):
    - DoubleConversion
    - fmt (~> 6.2.1)
    - glog
    - hermes-engine
    - RCT-Folly/Fabric (= 2022.05.16.00)
    - RCTRequired
    - RCTTypeSafety
    - React-Core
    - React-cxxreact
    - React-debug
    - React-graphics
    - React-jsi
    - React-jsiexecutor
    - React-logger
    - React-rendererdebug
    - React-runtimescheduler
    - React-utils
    - ReactCommon/turbomodule/core
  - React-FabricImage (0.73.10):
    - DoubleConversion
    - fmt (~> 6.2.1)
    - glog
    - hermes-engine
    - RCT-Folly/Fabric (= 2022.05.16.00)
    - RCTRequired (= 0.73.10)
    - RCTTypeSafety (= 0.73.10)
    - React-Fabric
    - React-graphics
    - React-ImageManager
    - React-jsi
    - React-jsiexecutor (= 0.73.10)
    - React-logger
    - React-rendererdebug
    - React-utils
    - ReactCommon
    - Yoga
  - React-graphics (0.73.10):
    - glog
    - RCT-Folly/Fabric (= 2022.05.16.00)
    - React-Core/Default (= 0.73.10)
    - React-utils
  - React-hermes (0.73.10):
    - DoubleConversion
    - fmt (~> 6.2.1)
    - glog
    - hermes-engine
    - RCT-Folly (= 2022.05.16.00)
    - RCT-Folly/Futures (= 2022.05.16.00)
    - React-cxxreact (= 0.73.10)
    - React-jsi
    - React-jsiexecutor (= 0.73.10)
    - React-jsinspector (= 0.73.10)
    - React-perflogger (= 0.73.10)
  - React-ImageManager (0.73.10):
    - glog
    - RCT-Folly/Fabric
    - React-Core/Default
    - React-debug
    - React-Fabric
    - React-graphics
    - React-rendererdebug
    - React-utils
  - React-jserrorhandler (0.73.10):
    - RCT-Folly/Fabric (= 2022.05.16.00)
    - React-debug
    - React-jsi
    - React-Mapbuffer
  - React-jsi (0.73.10):
    - boost (= 1.83.0)
    - DoubleConversion
    - fmt (~> 6.2.1)
    - glog
    - hermes-engine
    - RCT-Folly (= 2022.05.16.00)
  - React-jsiexecutor (0.73.10):
    - DoubleConversion
    - fmt (~> 6.2.1)
    - glog
    - hermes-engine
    - RCT-Folly (= 2022.05.16.00)
    - React-cxxreact (= 0.73.10)
    - React-jsi (= 0.73.10)
    - React-perflogger (= 0.73.10)
  - React-jsinspector (0.73.10)
  - React-logger (0.73.10):
    - glog
  - React-Mapbuffer (0.73.10):
    - glog
    - React-debug
  - react-native-notifications (5.1.0):
    - React-Core
  - react-native-safe-area-context (4.11.0):
    - React-Core
  - React-nativeconfig (0.73.10)
  - React-NativeModulesApple (0.73.10):
    - glog
    - hermes-engine
    - React-callinvoker
    - React-Core
    - React-cxxreact
    - React-jsi
    - React-runtimeexecutor
    - ReactCommon/turbomodule/bridging
    - ReactCommon/turbomodule/core
  - React-perflogger (0.73.10)
  - React-RCTActionSheet (0.73.10):
    - React-Core/RCTActionSheetHeaders (= 0.73.10)
  - React-RCTAnimation (0.73.10):
    - RCT-Folly (= 2022.05.16.00)
    - RCTTypeSafety
    - React-Codegen
    - React-Core/RCTAnimationHeaders
    - React-jsi
    - React-NativeModulesApple
    - ReactCommon
  - React-RCTAppDelegate (0.73.10):
    - RCT-Folly
    - RCTRequired
    - RCTTypeSafety
    - React-Core
    - React-CoreModules
    - React-hermes
    - React-nativeconfig
    - React-NativeModulesApple
    - React-RCTFabric
    - React-RCTImage
    - React-RCTNetwork
    - React-runtimescheduler
    - ReactCommon
  - React-RCTBlob (0.73.10):
    - hermes-engine
    - RCT-Folly (= 2022.05.16.00)
    - React-Codegen
    - React-Core/RCTBlobHeaders
    - React-Core/RCTWebSocket
    - React-jsi
    - React-NativeModulesApple
    - React-RCTNetwork
    - ReactCommon
  - React-RCTFabric (0.73.10):
    - glog
    - hermes-engine
    - RCT-Folly/Fabric (= 2022.05.16.00)
    - React-Core
    - React-debug
    - React-Fabric
    - React-FabricImage
    - React-graphics
    - React-ImageManager
    - React-jsi
    - React-nativeconfig
    - React-RCTImage
    - React-RCTText
    - React-rendererdebug
    - React-runtimescheduler
    - React-utils
    - Yoga
  - React-RCTImage (0.73.10):
    - RCT-Folly (= 2022.05.16.00)
    - RCTTypeSafety
    - React-Codegen
    - React-Core/RCTImageHeaders
    - React-jsi
    - React-NativeModulesApple
    - React-RCTNetwork
    - ReactCommon
  - React-RCTLinking (0.73.10):
    - React-Codegen
    - React-Core/RCTLinkingHeaders (= 0.73.10)
    - React-jsi (= 0.73.10)
    - React-NativeModulesApple
    - ReactCommon
    - ReactCommon/turbomodule/core (= 0.73.10)
  - React-RCTNetwork (0.73.10):
    - RCT-Folly (= 2022.05.16.00)
    - RCTTypeSafety
    - React-Codegen
    - React-Core/RCTNetworkHeaders
    - React-jsi
    - React-NativeModulesApple
    - ReactCommon
  - React-RCTSettings (0.73.10):
    - RCT-Folly (= 2022.05.16.00)
    - RCTTypeSafety
    - React-Codegen
    - React-Core/RCTSettingsHeaders
    - React-jsi
    - React-NativeModulesApple
    - ReactCommon
  - React-RCTText (0.73.10):
    - React-Core/RCTTextHeaders (= 0.73.10)
    - Yoga
  - React-RCTVibration (0.73.10):
    - RCT-Folly (= 2022.05.16.00)
    - React-Codegen
    - React-Core/RCTVibrationHeaders
    - React-jsi
    - React-NativeModulesApple
    - ReactCommon
  - React-rendererdebug (0.73.10):
    - DoubleConversion
    - fmt (~> 6.2.1)
    - RCT-Folly (= 2022.05.16.00)
    - React-debug
  - React-rncore (0.73.10)
  - React-runtimeexecutor (0.73.10):
    - React-jsi (= 0.73.10)
  - React-runtimescheduler (0.73.10):
    - glog
    - hermes-engine
    - RCT-Folly (= 2022.05.16.00)
    - React-callinvoker
    - React-cxxreact
    - React-debug
    - React-jsi
    - React-rendererdebug
    - React-runtimeexecutor
    - React-utils
  - React-utils (0.73.10):
    - glog
    - RCT-Folly (= 2022.05.16.00)
    - React-debug
  - ReactCommon (0.73.10):
    - React-logger (= 0.73.10)
    - ReactCommon/turbomodule (= 0.73.10)
  - ReactCommon/turbomodule (0.73.10):
    - DoubleConversion
    - fmt (~> 6.2.1)
    - glog
    - hermes-engine
    - RCT-Folly (= 2022.05.16.00)
    - React-callinvoker (= 0.73.10)
    - React-cxxreact (= 0.73.10)
    - React-jsi (= 0.73.10)
    - React-logger (= 0.73.10)
    - React-perflogger (= 0.73.10)
    - ReactCommon/turbomodule/bridging (= 0.73.10)
    - ReactCommon/turbomodule/core (= 0.73.10)
  - ReactCommon/turbomodule/bridging (0.73.10):
    - DoubleConversion
    - fmt (~> 6.2.1)
    - glog
    - hermes-engine
    - RCT-Folly (= 2022.05.16.00)
    - React-callinvoker (= 0.73.10)
    - React-cxxreact (= 0.73.10)
    - React-jsi (= 0.73.10)
    - React-logger (= 0.73.10)
    - React-perflogger (= 0.73.10)
  - ReactCommon/turbomodule/core (0.73.10):
    - DoubleConversion
    - fmt (~> 6.2.1)
    - glog
    - hermes-engine
    - RCT-Folly (= 2022.05.16.00)
    - React-callinvoker (= 0.73.10)
    - React-cxxreact (= 0.73.10)
    - React-jsi (= 0.73.10)
    - React-logger (= 0.73.10)
    - React-perflogger (= 0.73.10)
  - RNCAsyncStorage (1.24.0):
    - React-Core
  - RNCClipboard (1.14.2):
    - React-Core
  - RNDeviceInfo (10.14.0):
    - React-Core
  - RNFBApp (18.9.0):
    - Firebase/CoreOnly (= 10.20.0)
    - React-Core
  - RNFBMessaging (18.9.0):
    - Firebase/Messaging (= 10.20.0)
    - FirebaseCoreExtension (= 10.20.0)
    - React-Core
    - RNFBApp
  - RNGestureHandler (2.20.0):
    - glog
    - RCT-Folly (= 2022.05.16.00)
    - React-Core
  - RNScreens (3.34.0):
    - glog
    - RCT-Folly (= 2022.05.16.00)
    - React-Core
    - React-RCTImage
  - RNSnackbar (2.8.0):
    - React-Core
  - SocketRocket (0.6.1)
  - Sovran (1.1.1)
  - Yoga (1.14.0)

DEPENDENCIES:
  - boost (from `../node_modules/react-native/third-party-podspecs/boost.podspec`)
  - customerio-reactnative (from `../node_modules/customerio-reactnative`)
  - customerio-reactnative-richpush/fcm (from `../node_modules/customerio-reactnative`)
  - CustomerIOCommon (from `https://github.com/customerio/customerio-ios.git`, branch `rehan/rn-ios-user-agent`)
  - CustomerIODataPipelines (from `https://github.com/customerio/customerio-ios.git`, branch `rehan/rn-ios-user-agent`)
  - CustomerIOMessagingInApp (from `https://github.com/customerio/customerio-ios.git`, branch `rehan/rn-ios-user-agent`)
  - CustomerIOMessagingPush (from `https://github.com/customerio/customerio-ios.git`, branch `rehan/rn-ios-user-agent`)
  - CustomerIOMessagingPushFCM (from `https://github.com/customerio/customerio-ios.git`, branch `rehan/rn-ios-user-agent`)
  - DoubleConversion (from `../node_modules/react-native/third-party-podspecs/DoubleConversion.podspec`)
  - FBLazyVector (from `../node_modules/react-native/Libraries/FBLazyVector`)
  - FBReactNativeSpec (from `../node_modules/react-native/React/FBReactNativeSpec`)
  - glog (from `../node_modules/react-native/third-party-podspecs/glog.podspec`)
  - hermes-engine (from `../node_modules/react-native/sdks/hermes-engine/hermes-engine.podspec`)
  - libevent (~> 2.1.12)
  - RCT-Folly (from `../node_modules/react-native/third-party-podspecs/RCT-Folly.podspec`)
  - RCT-Folly/Fabric (from `../node_modules/react-native/third-party-podspecs/RCT-Folly.podspec`)
  - RCTRequired (from `../node_modules/react-native/Libraries/RCTRequired`)
  - RCTTypeSafety (from `../node_modules/react-native/Libraries/TypeSafety`)
  - React (from `../node_modules/react-native/`)
  - React-callinvoker (from `../node_modules/react-native/ReactCommon/callinvoker`)
  - React-Codegen (from `build/generated/ios`)
  - React-Core (from `../node_modules/react-native/`)
  - React-Core/RCTWebSocket (from `../node_modules/react-native/`)
  - React-CoreModules (from `../node_modules/react-native/React/CoreModules`)
  - React-cxxreact (from `../node_modules/react-native/ReactCommon/cxxreact`)
  - React-debug (from `../node_modules/react-native/ReactCommon/react/debug`)
  - React-Fabric (from `../node_modules/react-native/ReactCommon`)
  - React-FabricImage (from `../node_modules/react-native/ReactCommon`)
  - React-graphics (from `../node_modules/react-native/ReactCommon/react/renderer/graphics`)
  - React-hermes (from `../node_modules/react-native/ReactCommon/hermes`)
  - React-ImageManager (from `../node_modules/react-native/ReactCommon/react/renderer/imagemanager/platform/ios`)
  - React-jserrorhandler (from `../node_modules/react-native/ReactCommon/jserrorhandler`)
  - React-jsi (from `../node_modules/react-native/ReactCommon/jsi`)
  - React-jsiexecutor (from `../node_modules/react-native/ReactCommon/jsiexecutor`)
  - React-jsinspector (from `../node_modules/react-native/ReactCommon/jsinspector-modern`)
  - React-logger (from `../node_modules/react-native/ReactCommon/logger`)
  - React-Mapbuffer (from `../node_modules/react-native/ReactCommon`)
  - react-native-notifications (from `../node_modules/react-native-notifications`)
  - react-native-safe-area-context (from `../node_modules/react-native-safe-area-context`)
  - React-nativeconfig (from `../node_modules/react-native/ReactCommon`)
  - React-NativeModulesApple (from `../node_modules/react-native/ReactCommon/react/nativemodule/core/platform/ios`)
  - React-perflogger (from `../node_modules/react-native/ReactCommon/reactperflogger`)
  - React-RCTActionSheet (from `../node_modules/react-native/Libraries/ActionSheetIOS`)
  - React-RCTAnimation (from `../node_modules/react-native/Libraries/NativeAnimation`)
  - React-RCTAppDelegate (from `../node_modules/react-native/Libraries/AppDelegate`)
  - React-RCTBlob (from `../node_modules/react-native/Libraries/Blob`)
  - React-RCTFabric (from `../node_modules/react-native/React`)
  - React-RCTImage (from `../node_modules/react-native/Libraries/Image`)
  - React-RCTLinking (from `../node_modules/react-native/Libraries/LinkingIOS`)
  - React-RCTNetwork (from `../node_modules/react-native/Libraries/Network`)
  - React-RCTSettings (from `../node_modules/react-native/Libraries/Settings`)
  - React-RCTText (from `../node_modules/react-native/Libraries/Text`)
  - React-RCTVibration (from `../node_modules/react-native/Libraries/Vibration`)
  - React-rendererdebug (from `../node_modules/react-native/ReactCommon/react/renderer/debug`)
  - React-rncore (from `../node_modules/react-native/ReactCommon`)
  - React-runtimeexecutor (from `../node_modules/react-native/ReactCommon/runtimeexecutor`)
  - React-runtimescheduler (from `../node_modules/react-native/ReactCommon/react/renderer/runtimescheduler`)
  - React-utils (from `../node_modules/react-native/ReactCommon/react/utils`)
  - ReactCommon/turbomodule/core (from `../node_modules/react-native/ReactCommon`)
  - "RNCAsyncStorage (from `../node_modules/@react-native-async-storage/async-storage`)"
  - "RNCClipboard (from `../node_modules/@react-native-clipboard/clipboard`)"
  - RNDeviceInfo (from `../node_modules/react-native-device-info`)
  - "RNFBApp (from `../node_modules/@react-native-firebase/app`)"
  - "RNFBMessaging (from `../node_modules/@react-native-firebase/messaging`)"
  - RNGestureHandler (from `../node_modules/react-native-gesture-handler`)
  - RNScreens (from `../node_modules/react-native-screens`)
  - RNSnackbar (from `../node_modules/react-native-snackbar`)
  - Yoga (from `../node_modules/react-native/ReactCommon/yoga`)

SPEC REPOS:
  trunk:
    - AnalyticsSwiftCIO
    - CustomerIO
    - CustomerIOTrackingMigration
    - Firebase
    - FirebaseCore
    - FirebaseCoreExtension
    - FirebaseCoreInternal
    - FirebaseInstallations
    - FirebaseMessaging
    - fmt
    - GoogleDataTransport
    - GoogleUtilities
    - JSONSafeEncoding
    - libevent
    - nanopb
    - PromisesObjC
    - SocketRocket
    - Sovran

EXTERNAL SOURCES:
  boost:
    :podspec: "../node_modules/react-native/third-party-podspecs/boost.podspec"
  customerio-reactnative:
    :path: "../node_modules/customerio-reactnative"
  customerio-reactnative-richpush:
    :path: "../node_modules/customerio-reactnative"
  CustomerIOCommon:
    :branch: rehan/rn-ios-user-agent
    :git: https://github.com/customerio/customerio-ios.git
  CustomerIODataPipelines:
    :branch: rehan/rn-ios-user-agent
    :git: https://github.com/customerio/customerio-ios.git
  CustomerIOMessagingInApp:
    :branch: rehan/rn-ios-user-agent
    :git: https://github.com/customerio/customerio-ios.git
  CustomerIOMessagingPush:
    :branch: rehan/rn-ios-user-agent
    :git: https://github.com/customerio/customerio-ios.git
  CustomerIOMessagingPushFCM:
    :branch: rehan/rn-ios-user-agent
    :git: https://github.com/customerio/customerio-ios.git
  DoubleConversion:
    :podspec: "../node_modules/react-native/third-party-podspecs/DoubleConversion.podspec"
  FBLazyVector:
    :path: "../node_modules/react-native/Libraries/FBLazyVector"
  FBReactNativeSpec:
    :path: "../node_modules/react-native/React/FBReactNativeSpec"
  glog:
    :podspec: "../node_modules/react-native/third-party-podspecs/glog.podspec"
  hermes-engine:
    :podspec: "../node_modules/react-native/sdks/hermes-engine/hermes-engine.podspec"
    :tag: hermes-2024-04-29-RNv0.73.8-644c8be78af1eae7c138fa4093fb87f0f4f8db85
  RCT-Folly:
    :podspec: "../node_modules/react-native/third-party-podspecs/RCT-Folly.podspec"
  RCTRequired:
    :path: "../node_modules/react-native/Libraries/RCTRequired"
  RCTTypeSafety:
    :path: "../node_modules/react-native/Libraries/TypeSafety"
  React:
    :path: "../node_modules/react-native/"
  React-callinvoker:
    :path: "../node_modules/react-native/ReactCommon/callinvoker"
  React-Codegen:
    :path: build/generated/ios
  React-Core:
    :path: "../node_modules/react-native/"
  React-CoreModules:
    :path: "../node_modules/react-native/React/CoreModules"
  React-cxxreact:
    :path: "../node_modules/react-native/ReactCommon/cxxreact"
  React-debug:
    :path: "../node_modules/react-native/ReactCommon/react/debug"
  React-Fabric:
    :path: "../node_modules/react-native/ReactCommon"
  React-FabricImage:
    :path: "../node_modules/react-native/ReactCommon"
  React-graphics:
    :path: "../node_modules/react-native/ReactCommon/react/renderer/graphics"
  React-hermes:
    :path: "../node_modules/react-native/ReactCommon/hermes"
  React-ImageManager:
    :path: "../node_modules/react-native/ReactCommon/react/renderer/imagemanager/platform/ios"
  React-jserrorhandler:
    :path: "../node_modules/react-native/ReactCommon/jserrorhandler"
  React-jsi:
    :path: "../node_modules/react-native/ReactCommon/jsi"
  React-jsiexecutor:
    :path: "../node_modules/react-native/ReactCommon/jsiexecutor"
  React-jsinspector:
    :path: "../node_modules/react-native/ReactCommon/jsinspector-modern"
  React-logger:
    :path: "../node_modules/react-native/ReactCommon/logger"
  React-Mapbuffer:
    :path: "../node_modules/react-native/ReactCommon"
  react-native-notifications:
    :path: "../node_modules/react-native-notifications"
  react-native-safe-area-context:
    :path: "../node_modules/react-native-safe-area-context"
  React-nativeconfig:
    :path: "../node_modules/react-native/ReactCommon"
  React-NativeModulesApple:
    :path: "../node_modules/react-native/ReactCommon/react/nativemodule/core/platform/ios"
  React-perflogger:
    :path: "../node_modules/react-native/ReactCommon/reactperflogger"
  React-RCTActionSheet:
    :path: "../node_modules/react-native/Libraries/ActionSheetIOS"
  React-RCTAnimation:
    :path: "../node_modules/react-native/Libraries/NativeAnimation"
  React-RCTAppDelegate:
    :path: "../node_modules/react-native/Libraries/AppDelegate"
  React-RCTBlob:
    :path: "../node_modules/react-native/Libraries/Blob"
  React-RCTFabric:
    :path: "../node_modules/react-native/React"
  React-RCTImage:
    :path: "../node_modules/react-native/Libraries/Image"
  React-RCTLinking:
    :path: "../node_modules/react-native/Libraries/LinkingIOS"
  React-RCTNetwork:
    :path: "../node_modules/react-native/Libraries/Network"
  React-RCTSettings:
    :path: "../node_modules/react-native/Libraries/Settings"
  React-RCTText:
    :path: "../node_modules/react-native/Libraries/Text"
  React-RCTVibration:
    :path: "../node_modules/react-native/Libraries/Vibration"
  React-rendererdebug:
    :path: "../node_modules/react-native/ReactCommon/react/renderer/debug"
  React-rncore:
    :path: "../node_modules/react-native/ReactCommon"
  React-runtimeexecutor:
    :path: "../node_modules/react-native/ReactCommon/runtimeexecutor"
  React-runtimescheduler:
    :path: "../node_modules/react-native/ReactCommon/react/renderer/runtimescheduler"
  React-utils:
    :path: "../node_modules/react-native/ReactCommon/react/utils"
  ReactCommon:
    :path: "../node_modules/react-native/ReactCommon"
  RNCAsyncStorage:
    :path: "../node_modules/@react-native-async-storage/async-storage"
  RNCClipboard:
    :path: "../node_modules/@react-native-clipboard/clipboard"
  RNDeviceInfo:
    :path: "../node_modules/react-native-device-info"
  RNFBApp:
    :path: "../node_modules/@react-native-firebase/app"
  RNFBMessaging:
    :path: "../node_modules/@react-native-firebase/messaging"
  RNGestureHandler:
    :path: "../node_modules/react-native-gesture-handler"
  RNScreens:
    :path: "../node_modules/react-native-screens"
  RNSnackbar:
    :path: "../node_modules/react-native-snackbar"
  Yoga:
    :path: "../node_modules/react-native/ReactCommon/yoga"

CHECKOUT OPTIONS:
  CustomerIOCommon:
    :commit: 5ad38b01249572fdeb5e556516b84cf810918fd1
    :git: https://github.com/customerio/customerio-ios.git
  CustomerIODataPipelines:
    :commit: 5ad38b01249572fdeb5e556516b84cf810918fd1
    :git: https://github.com/customerio/customerio-ios.git
  CustomerIOMessagingInApp:
    :commit: 5ad38b01249572fdeb5e556516b84cf810918fd1
    :git: https://github.com/customerio/customerio-ios.git
  CustomerIOMessagingPush:
    :commit: 5ad38b01249572fdeb5e556516b84cf810918fd1
    :git: https://github.com/customerio/customerio-ios.git
  CustomerIOMessagingPushFCM:
    :commit: 5ad38b01249572fdeb5e556516b84cf810918fd1
    :git: https://github.com/customerio/customerio-ios.git

SPEC CHECKSUMS:
  AnalyticsSwiftCIO: d03712b33e85baecc86f0d38a6d53c97f7bc5bd1
  boost: d3f49c53809116a5d38da093a8aa78bf551aed09
  CustomerIO: 7563a4e69cc71940e45285b509074a0929132c46
  customerio-reactnative: 7eed682503a3f0f95f783136b4f3dd74c7b0674b
  customerio-reactnative-richpush: ae4b4b5cc8fc803c588b39c29a6c217ec71aef59
  CustomerIOCommon: 4918263730b3e7349e9ab8fdd5d11ff577d44ae6
  CustomerIODataPipelines: da9bee0a16b177b610078b72173615f2b1ddfa46
  CustomerIOMessagingInApp: 3b12a3bb8b08cd426594d34cb3042ba187ac5141
  CustomerIOMessagingPush: 0b270e12d1b1915d38d8627c97a9b176f2c80e8f
  CustomerIOMessagingPushFCM: 8d5f4ef94d152aa07ebd7ae77098bd0c47a274d8
  CustomerIOTrackingMigration: 580086b225417687beb3106c5ac955c37b5507cd
  DoubleConversion: fea03f2699887d960129cc54bba7e52542b6f953
  FBLazyVector: c039b29a5b130f817a6b07dd7bc33830a969ab27
  FBReactNativeSpec: 0368d296aba294bab9067f575175422a4754db27
  Firebase: 10c8cb12fb7ad2ae0c09ffc86cd9c1ab392a0031
  FirebaseCore: 28045c1560a2600d284b9c45a904fe322dc890b6
  FirebaseCoreExtension: 0659f035b88c5a7a15a9763c48c2e6ca8c0a2977
  FirebaseCoreInternal: df84dd300b561c27d5571684f389bf60b0a5c934
  FirebaseInstallations: 913cf60d0400ebd5d6b63a28b290372ab44590dd
  FirebaseMessaging: 06c414a21b122396a26847c523d5c370f8325df5
  fmt: ff9d55029c625d3757ed641535fd4a75fedc7ce9
  glog: c5d68082e772fa1c511173d6b30a9de2c05a69a2
  GoogleDataTransport: 6c09b596d841063d76d4288cc2d2f42cc36e1e2a
  GoogleUtilities: ea963c370a38a8069cc5f7ba4ca849a60b6d7d15
  hermes-engine: 42a7a4cbe3e20050fb031f64aaaffbe0c0b4a38f
  JSONSafeEncoding: 54722ebc4fe1482e3e60a8450e1287481e32dd8b
  libevent: 4049cae6c81cdb3654a443be001fb9bdceff7913
  nanopb: d4d75c12cd1316f4a64e3c6963f879ecd4b5e0d5
  PromisesObjC: f5707f49cb48b9636751c5b2e7d227e43fba9f47
  RCT-Folly: 7169b2b1c44399c76a47b5deaaba715eeeb476c0
  RCTRequired: 3c70a68a1acbfe8dec71921ddaf955ddceb6a8bd
  RCTTypeSafety: 6b502ff289b30da23609b707734e9c04089baa4f
  React: 8191d2b9cc390ec0304b6d96c2f9bc58f4397a18
  React-callinvoker: 95b82d703fdac0037485ab4eaca47dafa4258ec6
  React-Codegen: b05c5b21f50f8b67cbae257253d78d2148794457
  React-Core: 6e339dc0fd4de5588c59543ecf8a3ed5b4e2f8b2
  React-CoreModules: 507eaf1e5b73008e31c4de9da54f217a31ff1c20
  React-cxxreact: 1ca0528a6725ded005ae4e5112b55c24649a852c
  React-debug: 460fea66d43ad2c5ba39b6ab3886ec3cbe680ea3
  React-Fabric: 8cd4516a0be8a2b38d70f2e029173a35253e3cfa
  React-FabricImage: cc9c4325fa40eba64b87b1a0670896e1faa5ac99
  React-graphics: 700ba8c0f89634a18025bd1524357230a1922323
  React-hermes: cd9f6f6827ee0970a871dd8e900f9b5053d9c531
  React-ImageManager: 49620e9ff67538597a08d0ac9b8fc4a66a47d8e6
  React-jserrorhandler: 42d672b71f6b9f0bbba6f7b284d5ed2c3ac335bb
  React-jsi: fc680b7d89e7e96be5747684d2a1d25fa50d490c
  React-jsiexecutor: 644b1742d3fe8e30a6afc8c0f441ee6813eb28a2
  React-jsinspector: 71e5fb28b810fa199987e600ec8a6e17abee373e
  React-logger: 82babb1e3fad0e04750981f24e6c38f644a0bf7c
  React-Mapbuffer: 758750eb32350b01dd9c350010aecc46842047bd
  react-native-notifications: 4601a5a8db4ced6ae7cfc43b44d35fe437ac50c4
  react-native-safe-area-context: 851c62c48dce80ccaa5637b6aa5991a1bc36eca9
  React-nativeconfig: a596be0c98c050b80bc7e262d46a53d4df4ff712
  React-NativeModulesApple: 4829cef81c8a322029300b6ff1c5f28768fca85b
  React-perflogger: 27b852c78b7be9e0b326e3102c6551529f371f95
  React-RCTActionSheet: a9af61d47af3f2facfd7d8b6f913d60956779fc6
  React-RCTAnimation: ed02ba9e344aa38426660b73512988d86b31d398
  React-RCTAppDelegate: 0e85ca8ba0a451987b6627566490cdc82cdcff21
  React-RCTBlob: e766d412c0b500e87f368f3066701db6eae6a8e5
  React-RCTFabric: 26de835bb8ad95cb0153eee2efdcf147e8369b24
  React-RCTImage: 8721486d3e76e5fe8d15b5545a9a397174011297
  React-RCTLinking: 23e25137b35564a61ae30269b51b2eecc5e5aaa6
  React-RCTNetwork: f99ce4135920848ece60a9fbd3d3bd4cf1cb015a
  React-RCTSettings: c6eb7710df4b5a3306872ab2c65fcdcae3428459
  React-RCTText: 3fc5f2629ba3732e2c92c4c2046be2171e8b14d3
  React-RCTVibration: 491df80515fa282bac06bb8652cbf73118b15d8e
  React-rendererdebug: 6811c7970cd72f747833775b8de47c9d0d63df20
  React-rncore: 589b9a8a6cf7fe5a472bb54c73ba91c98d241b5d
  React-runtimeexecutor: 493b548fb6f1aaf94ba57cc9208ad5b89046e2be
  React-runtimescheduler: 639000d08f94ee18017fad4c691c572bb6dfbe50
  React-utils: c3a9bede4e9aa5c0a8184958cd4c09ff461fd60f
  ReactCommon: 92194c3d756b82bff5b75450544b2863b4df0d5f
  RNCAsyncStorage: ec53e44dc3e75b44aa2a9f37618a49c3bc080a7a
  RNCClipboard: 5e503962f0719ace8f7fdfe9c60282b526305c85
  RNDeviceInfo: 59344c19152c4b2b32283005f9737c5c64b42fba
  RNFBApp: a3e139715386fe79a09c387f2dbeb6890eb05b39
  RNFBMessaging: a65862d8eba03cb6c838241bd328166504996894
  RNGestureHandler: bb81850add626ddd265294323310fec6e861c96b
  RNScreens: 29418ceffb585b8f0ebd363de304288c3dce8323
  RNSnackbar: 37ce6daf19c8bd35cf6133db5797aa298c8782ac
  SocketRocket: f32cd54efbe0f095c4d7594881e52619cfe80b17
  Sovran: f8212bb3855042a24689a73ea0219ca5295235da
  Yoga: 66a97477b94264cc4e49990c8fe6b153260d871d

PODFILE CHECKSUM: a312b29986118396952997409f0eb68901b7bca5

COCOAPODS: 1.15.2
