PODS:
  - boost (1.76.0)
  - customerio-reactnative (2.2.0):
    - CustomerIOMessagingInApp (~> 2.1.0-beta.2)
    - CustomerIOTracking (~> 2.1.0-beta.2)
    - React-Core
  - CustomerIO/MessagingPushFCM (2.1.2):
    - CustomerIOMessagingPushFCM (= 2.1.2)
  - CustomerIOCommon (2.1.2)
  - CustomerIOMessagingInApp (2.1.2):
    - CustomerIOTracking (= 2.1.2)
    - Gist (~> 3.0.4)
  - CustomerIOMessagingPush (2.1.2):
    - CustomerIOTracking (= 2.1.2)
  - CustomerIOMessagingPushFCM (2.1.2):
    - CustomerIOMessagingPush (= 2.1.2)
  - CustomerIOTracking (2.1.2):
    - CustomerIOCommon (= 2.1.2)
  - DoubleConversion (1.1.6)
  - FBLazyVector (0.69.2)
  - FBReactNativeSpec (0.69.2):
    - RCT-Folly (= 2021.06.28.00-v2)
    - RCTRequired (= 0.69.2)
    - RCTTypeSafety (= 0.69.2)
    - React-Core (= 0.69.2)
    - React-jsi (= 0.69.2)
    - ReactCommon/turbomodule/core (= 0.69.2)
  - FirebaseCore (10.7.0):
    - FirebaseCoreInternal (~> 10.0)
    - GoogleUtilities/Environment (~> 7.8)
    - GoogleUtilities/Logger (~> 7.8)
  - FirebaseCoreInternal (10.7.0):
    - "GoogleUtilities/NSData+zlib (~> 7.8)"
  - FirebaseInstallations (10.7.0):
    - FirebaseCore (~> 10.0)
    - GoogleUtilities/Environment (~> 7.8)
    - GoogleUtilities/UserDefaults (~> 7.8)
    - PromisesObjC (~> 2.1)
  - FirebaseMessaging (10.7.0):
    - FirebaseCore (~> 10.0)
    - FirebaseInstallations (~> 10.0)
    - GoogleDataTransport (~> 9.2)
    - GoogleUtilities/AppDelegateSwizzler (~> 7.8)
    - GoogleUtilities/Environment (~> 7.8)
    - GoogleUtilities/Reachability (~> 7.8)
    - GoogleUtilities/UserDefaults (~> 7.8)
    - nanopb (< 2.30910.0, >= 2.30908.0)
  - fmt (6.2.1)
  - Gist (3.0.4)
  - glog (0.3.5)
  - GoogleDataTransport (9.2.1):
    - GoogleUtilities/Environment (~> 7.7)
    - nanopb (< 2.30910.0, >= 2.30908.0)
    - PromisesObjC (< 3.0, >= 1.2)
  - GoogleUtilities/AppDelegateSwizzler (7.11.0):
    - GoogleUtilities/Environment
    - GoogleUtilities/Logger
    - GoogleUtilities/Network
  - GoogleUtilities/Environment (7.11.0):
    - PromisesObjC (< 3.0, >= 1.2)
  - GoogleUtilities/Logger (7.11.0):
    - GoogleUtilities/Environment
  - GoogleUtilities/Network (7.11.0):
    - GoogleUtilities/Logger
    - "GoogleUtilities/NSData+zlib"
    - GoogleUtilities/Reachability
  - "GoogleUtilities/NSData+zlib (7.11.0)"
  - GoogleUtilities/Reachability (7.11.0):
    - GoogleUtilities/Logger
  - GoogleUtilities/UserDefaults (7.11.0):
    - GoogleUtilities/Logger
  - nanopb (2.30909.0):
    - nanopb/decode (= 2.30909.0)
    - nanopb/encode (= 2.30909.0)
  - nanopb/decode (2.30909.0)
  - nanopb/encode (2.30909.0)
  - PromisesObjC (2.2.0)
  - RCT-Folly (2021.06.28.00-v2):
    - boost
    - DoubleConversion
    - fmt (~> 6.2.1)
    - glog
    - RCT-Folly/Default (= 2021.06.28.00-v2)
  - RCT-Folly/Default (2021.06.28.00-v2):
    - boost
    - DoubleConversion
    - fmt (~> 6.2.1)
    - glog
  - RCTRequired (0.69.2)
  - RCTTypeSafety (0.69.2):
    - FBLazyVector (= 0.69.2)
    - RCTRequired (= 0.69.2)
    - React-Core (= 0.69.2)
  - React (0.69.2):
    - React-Core (= 0.69.2)
    - React-Core/DevSupport (= 0.69.2)
    - React-Core/RCTWebSocket (= 0.69.2)
    - React-RCTActionSheet (= 0.69.2)
    - React-RCTAnimation (= 0.69.2)
    - React-RCTBlob (= 0.69.2)
    - React-RCTImage (= 0.69.2)
    - React-RCTLinking (= 0.69.2)
    - React-RCTNetwork (= 0.69.2)
    - React-RCTSettings (= 0.69.2)
    - React-RCTText (= 0.69.2)
    - React-RCTVibration (= 0.69.2)
  - React-bridging (0.69.2):
    - RCT-Folly (= 2021.06.28.00-v2)
    - React-jsi (= 0.69.2)
  - React-callinvoker (0.69.2)
  - React-Codegen (0.69.2):
    - FBReactNativeSpec (= 0.69.2)
    - RCT-Folly (= 2021.06.28.00-v2)
    - RCTRequired (= 0.69.2)
    - RCTTypeSafety (= 0.69.2)
    - React-Core (= 0.69.2)
    - React-jsi (= 0.69.2)
    - React-jsiexecutor (= 0.69.2)
    - ReactCommon/turbomodule/core (= 0.69.2)
  - React-Core (0.69.2):
    - glog
    - RCT-Folly (= 2021.06.28.00-v2)
    - React-Core/Default (= 0.69.2)
    - React-cxxreact (= 0.69.2)
    - React-jsi (= 0.69.2)
    - React-jsiexecutor (= 0.69.2)
    - React-perflogger (= 0.69.2)
    - Yoga
  - React-Core/CoreModulesHeaders (0.69.2):
    - glog
    - RCT-Folly (= 2021.06.28.00-v2)
    - React-Core/Default
    - React-cxxreact (= 0.69.2)
    - React-jsi (= 0.69.2)
    - React-jsiexecutor (= 0.69.2)
    - React-perflogger (= 0.69.2)
    - Yoga
  - React-Core/Default (0.69.2):
    - glog
    - RCT-Folly (= 2021.06.28.00-v2)
    - React-cxxreact (= 0.69.2)
    - React-jsi (= 0.69.2)
    - React-jsiexecutor (= 0.69.2)
    - React-perflogger (= 0.69.2)
    - Yoga
  - React-Core/DevSupport (0.69.2):
    - glog
    - RCT-Folly (= 2021.06.28.00-v2)
    - React-Core/Default (= 0.69.2)
    - React-Core/RCTWebSocket (= 0.69.2)
    - React-cxxreact (= 0.69.2)
    - React-jsi (= 0.69.2)
    - React-jsiexecutor (= 0.69.2)
    - React-jsinspector (= 0.69.2)
    - React-perflogger (= 0.69.2)
    - Yoga
  - React-Core/RCTActionSheetHeaders (0.69.2):
    - glog
    - RCT-Folly (= 2021.06.28.00-v2)
    - React-Core/Default
    - React-cxxreact (= 0.69.2)
    - React-jsi (= 0.69.2)
    - React-jsiexecutor (= 0.69.2)
    - React-perflogger (= 0.69.2)
    - Yoga
  - React-Core/RCTAnimationHeaders (0.69.2):
    - glog
    - RCT-Folly (= 2021.06.28.00-v2)
    - React-Core/Default
    - React-cxxreact (= 0.69.2)
    - React-jsi (= 0.69.2)
    - React-jsiexecutor (= 0.69.2)
    - React-perflogger (= 0.69.2)
    - Yoga
  - React-Core/RCTBlobHeaders (0.69.2):
    - glog
    - RCT-Folly (= 2021.06.28.00-v2)
    - React-Core/Default
    - React-cxxreact (= 0.69.2)
    - React-jsi (= 0.69.2)
    - React-jsiexecutor (= 0.69.2)
    - React-perflogger (= 0.69.2)
    - Yoga
  - React-Core/RCTImageHeaders (0.69.2):
    - glog
    - RCT-Folly (= 2021.06.28.00-v2)
    - React-Core/Default
    - React-cxxreact (= 0.69.2)
    - React-jsi (= 0.69.2)
    - React-jsiexecutor (= 0.69.2)
    - React-perflogger (= 0.69.2)
    - Yoga
  - React-Core/RCTLinkingHeaders (0.69.2):
    - glog
    - RCT-Folly (= 2021.06.28.00-v2)
    - React-Core/Default
    - React-cxxreact (= 0.69.2)
    - React-jsi (= 0.69.2)
    - React-jsiexecutor (= 0.69.2)
    - React-perflogger (= 0.69.2)
    - Yoga
  - React-Core/RCTNetworkHeaders (0.69.2):
    - glog
    - RCT-Folly (= 2021.06.28.00-v2)
    - React-Core/Default
    - React-cxxreact (= 0.69.2)
    - React-jsi (= 0.69.2)
    - React-jsiexecutor (= 0.69.2)
    - React-perflogger (= 0.69.2)
    - Yoga
  - React-Core/RCTSettingsHeaders (0.69.2):
    - glog
    - RCT-Folly (= 2021.06.28.00-v2)
    - React-Core/Default
    - React-cxxreact (= 0.69.2)
    - React-jsi (= 0.69.2)
    - React-jsiexecutor (= 0.69.2)
    - React-perflogger (= 0.69.2)
    - Yoga
  - React-Core/RCTTextHeaders (0.69.2):
    - glog
    - RCT-Folly (= 2021.06.28.00-v2)
    - React-Core/Default
    - React-cxxreact (= 0.69.2)
    - React-jsi (= 0.69.2)
    - React-jsiexecutor (= 0.69.2)
    - React-perflogger (= 0.69.2)
    - Yoga
  - React-Core/RCTVibrationHeaders (0.69.2):
    - glog
    - RCT-Folly (= 2021.06.28.00-v2)
    - React-Core/Default
    - React-cxxreact (= 0.69.2)
    - React-jsi (= 0.69.2)
    - React-jsiexecutor (= 0.69.2)
    - React-perflogger (= 0.69.2)
    - Yoga
  - React-Core/RCTWebSocket (0.69.2):
    - glog
    - RCT-Folly (= 2021.06.28.00-v2)
    - React-Core/Default (= 0.69.2)
    - React-cxxreact (= 0.69.2)
    - React-jsi (= 0.69.2)
    - React-jsiexecutor (= 0.69.2)
    - React-perflogger (= 0.69.2)
    - Yoga
  - React-CoreModules (0.69.2):
    - RCT-Folly (= 2021.06.28.00-v2)
    - RCTTypeSafety (= 0.69.2)
    - React-Codegen (= 0.69.2)
    - React-Core/CoreModulesHeaders (= 0.69.2)
    - React-jsi (= 0.69.2)
    - React-RCTImage (= 0.69.2)
    - ReactCommon/turbomodule/core (= 0.69.2)
  - React-cxxreact (0.69.2):
    - boost (= 1.76.0)
    - DoubleConversion
    - glog
    - RCT-Folly (= 2021.06.28.00-v2)
    - React-callinvoker (= 0.69.2)
    - React-jsi (= 0.69.2)
    - React-jsinspector (= 0.69.2)
    - React-logger (= 0.69.2)
    - React-perflogger (= 0.69.2)
    - React-runtimeexecutor (= 0.69.2)
  - React-jsi (0.69.2):
    - boost (= 1.76.0)
    - DoubleConversion
    - glog
    - RCT-Folly (= 2021.06.28.00-v2)
    - React-jsi/Default (= 0.69.2)
  - React-jsi/Default (0.69.2):
    - boost (= 1.76.0)
    - DoubleConversion
    - glog
    - RCT-Folly (= 2021.06.28.00-v2)
  - React-jsiexecutor (0.69.2):
    - DoubleConversion
    - glog
    - RCT-Folly (= 2021.06.28.00-v2)
    - React-cxxreact (= 0.69.2)
    - React-jsi (= 0.69.2)
    - React-perflogger (= 0.69.2)
  - React-jsinspector (0.69.2)
  - React-logger (0.69.2):
    - glog
  - react-native-safe-area-context (4.3.1):
    - RCT-Folly
    - RCTRequired
    - RCTTypeSafety
    - React
    - ReactCommon/turbomodule/core
  - React-perflogger (0.69.2)
  - React-RCTActionSheet (0.69.2):
    - React-Core/RCTActionSheetHeaders (= 0.69.2)
  - React-RCTAnimation (0.69.2):
    - RCT-Folly (= 2021.06.28.00-v2)
    - RCTTypeSafety (= 0.69.2)
    - React-Codegen (= 0.69.2)
    - React-Core/RCTAnimationHeaders (= 0.69.2)
    - React-jsi (= 0.69.2)
    - ReactCommon/turbomodule/core (= 0.69.2)
  - React-RCTBlob (0.69.2):
    - RCT-Folly (= 2021.06.28.00-v2)
    - React-Codegen (= 0.69.2)
    - React-Core/RCTBlobHeaders (= 0.69.2)
    - React-Core/RCTWebSocket (= 0.69.2)
    - React-jsi (= 0.69.2)
    - React-RCTNetwork (= 0.69.2)
    - ReactCommon/turbomodule/core (= 0.69.2)
  - React-RCTImage (0.69.2):
    - RCT-Folly (= 2021.06.28.00-v2)
    - RCTTypeSafety (= 0.69.2)
    - React-Codegen (= 0.69.2)
    - React-Core/RCTImageHeaders (= 0.69.2)
    - React-jsi (= 0.69.2)
    - React-RCTNetwork (= 0.69.2)
    - ReactCommon/turbomodule/core (= 0.69.2)
  - React-RCTLinking (0.69.2):
    - React-Codegen (= 0.69.2)
    - React-Core/RCTLinkingHeaders (= 0.69.2)
    - React-jsi (= 0.69.2)
    - ReactCommon/turbomodule/core (= 0.69.2)
  - React-RCTNetwork (0.69.2):
    - RCT-Folly (= 2021.06.28.00-v2)
    - RCTTypeSafety (= 0.69.2)
    - React-Codegen (= 0.69.2)
    - React-Core/RCTNetworkHeaders (= 0.69.2)
    - React-jsi (= 0.69.2)
    - ReactCommon/turbomodule/core (= 0.69.2)
  - React-RCTSettings (0.69.2):
    - RCT-Folly (= 2021.06.28.00-v2)
    - RCTTypeSafety (= 0.69.2)
    - React-Codegen (= 0.69.2)
    - React-Core/RCTSettingsHeaders (= 0.69.2)
    - React-jsi (= 0.69.2)
    - ReactCommon/turbomodule/core (= 0.69.2)
  - React-RCTText (0.69.2):
    - React-Core/RCTTextHeaders (= 0.69.2)
  - React-RCTVibration (0.69.2):
    - RCT-Folly (= 2021.06.28.00-v2)
    - React-Codegen (= 0.69.2)
    - React-Core/RCTVibrationHeaders (= 0.69.2)
    - React-jsi (= 0.69.2)
    - ReactCommon/turbomodule/core (= 0.69.2)
  - React-runtimeexecutor (0.69.2):
    - React-jsi (= 0.69.2)
  - ReactCommon/turbomodule/core (0.69.2):
    - DoubleConversion
    - glog
    - RCT-Folly (= 2021.06.28.00-v2)
    - React-bridging (= 0.69.2)
    - React-callinvoker (= 0.69.2)
    - React-Core (= 0.69.2)
    - React-cxxreact (= 0.69.2)
    - React-jsi (= 0.69.2)
    - React-logger (= 0.69.2)
    - React-perflogger (= 0.69.2)
  - RNCAsyncStorage (1.17.11):
    - React-Core
  - RNCClipboard (1.11.2):
    - React-Core
  - RNCPushNotificationIOS (1.10.1):
    - React-Core
  - RNGestureHandler (1.10.3):
    - React-Core
  - RNReanimated (2.2.4):
    - DoubleConversion
    - FBLazyVector
    - FBReactNativeSpec
    - glog
    - RCT-Folly
    - RCTRequired
    - RCTTypeSafety
    - React
    - React-callinvoker
    - React-Core
    - React-Core/DevSupport
    - React-Core/RCTWebSocket
    - React-CoreModules
    - React-cxxreact
    - React-jsi
    - React-jsiexecutor
    - React-jsinspector
    - React-RCTActionSheet
    - React-RCTAnimation
    - React-RCTBlob
    - React-RCTImage
    - React-RCTLinking
    - React-RCTNetwork
    - React-RCTSettings
    - React-RCTText
    - React-RCTVibration
    - ReactCommon/turbomodule/core
    - Yoga
  - RNScreens (3.4.0):
    - React-Core
    - React-RCTImage
  - Yoga (1.14.0)

DEPENDENCIES:
  - boost (from `../node_modules/react-native/third-party-podspecs/boost.podspec`)
  - customerio-reactnative (from `../node_modules/customerio-reactnative`)
  - CustomerIO/MessagingPushFCM (= 2.1.2)
  - DoubleConversion (from `../node_modules/react-native/third-party-podspecs/DoubleConversion.podspec`)
  - FBLazyVector (from `../node_modules/react-native/Libraries/FBLazyVector`)
  - FBReactNativeSpec (from `../node_modules/react-native/React/FBReactNativeSpec`)
  - FirebaseMessaging
  - glog (from `../node_modules/react-native/third-party-podspecs/glog.podspec`)
  - RCT-Folly (from `../node_modules/react-native/third-party-podspecs/RCT-Folly.podspec`)
  - RCTRequired (from `../node_modules/react-native/Libraries/RCTRequired`)
  - RCTTypeSafety (from `../node_modules/react-native/Libraries/TypeSafety`)
  - React (from `../node_modules/react-native/`)
  - React-bridging (from `../node_modules/react-native/ReactCommon`)
  - React-callinvoker (from `../node_modules/react-native/ReactCommon/callinvoker`)
  - React-Codegen (from `build/generated/ios`)
  - React-Core (from `../node_modules/react-native/`)
  - React-Core/RCTWebSocket (from `../node_modules/react-native/`)
  - React-CoreModules (from `../node_modules/react-native/React/CoreModules`)
  - React-cxxreact (from `../node_modules/react-native/ReactCommon/cxxreact`)
  - React-jsi (from `../node_modules/react-native/ReactCommon/jsi`)
  - React-jsiexecutor (from `../node_modules/react-native/ReactCommon/jsiexecutor`)
  - React-jsinspector (from `../node_modules/react-native/ReactCommon/jsinspector`)
  - React-logger (from `../node_modules/react-native/ReactCommon/logger`)
  - react-native-safe-area-context (from `../node_modules/react-native-safe-area-context`)
  - React-perflogger (from `../node_modules/react-native/ReactCommon/reactperflogger`)
  - React-RCTActionSheet (from `../node_modules/react-native/Libraries/ActionSheetIOS`)
  - React-RCTAnimation (from `../node_modules/react-native/Libraries/NativeAnimation`)
  - React-RCTBlob (from `../node_modules/react-native/Libraries/Blob`)
  - React-RCTImage (from `../node_modules/react-native/Libraries/Image`)
  - React-RCTLinking (from `../node_modules/react-native/Libraries/LinkingIOS`)
  - React-RCTNetwork (from `../node_modules/react-native/Libraries/Network`)
  - React-RCTSettings (from `../node_modules/react-native/Libraries/Settings`)
  - React-RCTText (from `../node_modules/react-native/Libraries/Text`)
  - React-RCTVibration (from `../node_modules/react-native/Libraries/Vibration`)
  - React-runtimeexecutor (from `../node_modules/react-native/ReactCommon/runtimeexecutor`)
  - ReactCommon/turbomodule/core (from `../node_modules/react-native/ReactCommon`)
  - "RNCAsyncStorage (from `../node_modules/@react-native-async-storage/async-storage`)"
  - "RNCClipboard (from `../node_modules/@react-native-clipboard/clipboard`)"
  - "RNCPushNotificationIOS (from `../node_modules/@react-native-community/push-notification-ios`)"
  - RNGestureHandler (from `../node_modules/react-native-gesture-handler`)
  - RNReanimated (from `../node_modules/react-native-reanimated`)
  - RNScreens (from `../node_modules/react-native-screens`)
  - Yoga (from `../node_modules/react-native/ReactCommon/yoga`)

SPEC REPOS:
  trunk:
    - CustomerIO
    - CustomerIOCommon
    - CustomerIOMessagingInApp
    - CustomerIOMessagingPush
    - CustomerIOMessagingPushFCM
    - CustomerIOTracking
    - FirebaseCore
    - FirebaseCoreInternal
    - FirebaseInstallations
    - FirebaseMessaging
    - fmt
    - Gist
    - GoogleDataTransport
    - GoogleUtilities
    - nanopb
    - PromisesObjC

EXTERNAL SOURCES:
  boost:
    :podspec: "../node_modules/react-native/third-party-podspecs/boost.podspec"
  customerio-reactnative:
    :path: "../node_modules/customerio-reactnative"
  DoubleConversion:
    :podspec: "../node_modules/react-native/third-party-podspecs/DoubleConversion.podspec"
  FBLazyVector:
    :path: "../node_modules/react-native/Libraries/FBLazyVector"
  FBReactNativeSpec:
    :path: "../node_modules/react-native/React/FBReactNativeSpec"
  glog:
    :podspec: "../node_modules/react-native/third-party-podspecs/glog.podspec"
  RCT-Folly:
    :podspec: "../node_modules/react-native/third-party-podspecs/RCT-Folly.podspec"
  RCTRequired:
    :path: "../node_modules/react-native/Libraries/RCTRequired"
  RCTTypeSafety:
    :path: "../node_modules/react-native/Libraries/TypeSafety"
  React:
    :path: "../node_modules/react-native/"
  React-bridging:
    :path: "../node_modules/react-native/ReactCommon"
  React-callinvoker:
    :path: "../node_modules/react-native/ReactCommon/callinvoker"
  React-Codegen:
    :path: build/generated/ios
  React-Core:
    :path: "../node_modules/react-native/"
  React-CoreModules:
    :path: "../node_modules/react-native/React/CoreModules"
  React-cxxreact:
    :path: "../node_modules/react-native/ReactCommon/cxxreact"
  React-jsi:
    :path: "../node_modules/react-native/ReactCommon/jsi"
  React-jsiexecutor:
    :path: "../node_modules/react-native/ReactCommon/jsiexecutor"
  React-jsinspector:
    :path: "../node_modules/react-native/ReactCommon/jsinspector"
  React-logger:
    :path: "../node_modules/react-native/ReactCommon/logger"
  react-native-safe-area-context:
    :path: "../node_modules/react-native-safe-area-context"
  React-perflogger:
    :path: "../node_modules/react-native/ReactCommon/reactperflogger"
  React-RCTActionSheet:
    :path: "../node_modules/react-native/Libraries/ActionSheetIOS"
  React-RCTAnimation:
    :path: "../node_modules/react-native/Libraries/NativeAnimation"
  React-RCTBlob:
    :path: "../node_modules/react-native/Libraries/Blob"
  React-RCTImage:
    :path: "../node_modules/react-native/Libraries/Image"
  React-RCTLinking:
    :path: "../node_modules/react-native/Libraries/LinkingIOS"
  React-RCTNetwork:
    :path: "../node_modules/react-native/Libraries/Network"
  React-RCTSettings:
    :path: "../node_modules/react-native/Libraries/Settings"
  React-RCTText:
    :path: "../node_modules/react-native/Libraries/Text"
  React-RCTVibration:
    :path: "../node_modules/react-native/Libraries/Vibration"
  React-runtimeexecutor:
    :path: "../node_modules/react-native/ReactCommon/runtimeexecutor"
  ReactCommon:
    :path: "../node_modules/react-native/ReactCommon"
  RNCAsyncStorage:
    :path: "../node_modules/@react-native-async-storage/async-storage"
  RNCClipboard:
    :path: "../node_modules/@react-native-clipboard/clipboard"
  RNCPushNotificationIOS:
    :path: "../node_modules/@react-native-community/push-notification-ios"
  RNGestureHandler:
    :path: "../node_modules/react-native-gesture-handler"
  RNReanimated:
    :path: "../node_modules/react-native-reanimated"
  RNScreens:
    :path: "../node_modules/react-native-screens"
  Yoga:
    :path: "../node_modules/react-native/ReactCommon/yoga"

SPEC CHECKSUMS:
  boost: a7c83b31436843459a1961bfd74b96033dc77234
  CustomerIO: 94c4b930162d61c8126c8b265551d6a96b18a037
  customerio-reactnative: d53c03cf1ef3d1828309671d052822262d86a475
  CustomerIOCommon: 923dd0108e4e72cc94552e880d340bef88abfbfc
  CustomerIOMessagingInApp: 4a02801021774f469941c6ec4cbc46dbcd567e98
  CustomerIOMessagingPush: cb925936db7988f4fff69664896b5f405412f470
  CustomerIOMessagingPushFCM: db6bd0ab0cda1e89e42011e7d8cbbf9398869879
  CustomerIOTracking: 2b1c78afc13c82c39ad6d2e430c7ac36ed45642d
  DoubleConversion: 5189b271737e1565bdce30deb4a08d647e3f5f54
  FBLazyVector: e3c1479be506060131807f2f2435af5107c58410
  FBReactNativeSpec: 1381e8c4230895b6c2d20cea6b216ac7096a95f0
  FirebaseCore: e317665b9d744727a97e623edbbed009320afdd7
  FirebaseCoreInternal: 8845798510aae74703467480f71ac613788d0696
  FirebaseInstallations: 59c0e4c7a816a0f76710d83f77e5369b3e45eb96
  FirebaseMessaging: ac9062bcc35ed56e15a0241d8fd317022499baf8
  fmt: ff9d55029c625d3757ed641535fd4a75fedc7ce9
  Gist: 1d680df00ff6dbcc4fac9844b90454f30778dcbc
  glog: 3d02b25ca00c2d456734d0bcff864cbc62f6ae1a
  GoogleDataTransport: ea169759df570f4e37bdee1623ec32a7e64e67c4
  GoogleUtilities: c2bdc4cf2ce786c4d2e6b3bcfd599a25ca78f06f
  nanopb: b552cce312b6c8484180ef47159bc0f65a1f0431
  PromisesObjC: 09985d6d70fbe7878040aa746d78236e6946d2ef
  RCT-Folly: b9d9fe1fc70114b751c076104e52f3b1b5e5a95a
  RCTRequired: b723d4d6da2795df58189a01f92856b6912cf256
  RCTTypeSafety: 3973d2fcf39f43f7819e840d56ea6b2fe45996a0
  React: 242d4ffb093ed57c4761307a69b23b2479930ae9
  React-bridging: 66938204bc9d703b9c357201a40bf498aeb14412
  React-callinvoker: bf0a87845bc3158eec32be848bd9546e79d6dd25
  React-Codegen: e5c04fc987e909433915f247699402ece1955aa0
  React-Core: 5acd5715010b56d23846859b3a68c316dad09d5b
  React-CoreModules: 73db18e3aaf5e29f73e4b7c9ddf6ead823795d06
  React-cxxreact: 0fc57a199d2d69c0e0401c9eab944be9b972bf1b
  React-jsi: f845df5e8fd5688cab3cdaaa06f5413e791a01bd
  React-jsiexecutor: 7c23e92591431ac925f430b3118de934cb816ac0
  React-jsinspector: 31e53f048cc8f32605de36981903a7bbf9456892
  React-logger: 9a6c684d5cd56c4129e0c2842dba75c4bfb1e981
  react-native-safe-area-context: 6c12e3859b6f27b25de4fee8201cfb858432d8de
  React-perflogger: 281c34e42f13245c7a4d6932364d9182f8655e1a
  React-RCTActionSheet: 92f4292754a1b4a0e42bf9b1489206a06f878929
  React-RCTAnimation: 2a5bb5549758e4e594481633f3db649d11519f75
  React-RCTBlob: cf573ac95fc612ed4440cad0b92161722430de87
  React-RCTImage: af8b9a46a743937db396fcb43320f57b570661dc
  React-RCTLinking: 81029ed5767d2a2c13c03caeed32f87b72e73838
  React-RCTNetwork: 24c2b13acdcd43af39b2da90584c92e7799ee366
  React-RCTSettings: 028b0e20ff60d2c7ba47cedec8e99e69b6691c40
  React-RCTText: 6d17c2aead07b9de7ddc8765b580d0fb4b1d2e50
  React-RCTVibration: 0d07f00705b5f11e88aaaaf9131f5e1785d4bd6e
  React-runtimeexecutor: 8030b9cf9b9e87b878d92da680b55b5e74c58e70
  ReactCommon: a9414b91f0d19de002b55d9f4f6cb176d6dd8452
  RNCAsyncStorage: 8616bd5a58af409453ea4e1b246521bb76578d60
  RNCClipboard: 3f0451a8100393908bea5c5c5b16f96d45f30bfc
  RNCPushNotificationIOS: 87b8d16d3ede4532745e05b03c42cff33a36cc45
  RNGestureHandler: a479ebd5ed4221a810967000735517df0d2db211
  RNReanimated: e2414d403cc8da634e44103c1ec7a13e87bd6333
  RNScreens: 21b73c94c9117e1110a79ee0ee80c93ccefed8ce
  Yoga: 236056dd74cda4d9d76c20306fd8c20bb087614d

PODFILE CHECKSUM: 09aff6018cbfbec9de50842215a532899833ff05

COCOAPODS: 1.11.3
