// !$*UTF8*$!
{
	archiveVersion = 1;
	classes = {
	};
	objectVersion = 63;
	objects = {

/* Begin PBXBuildFile section */
		564CC34E13F2CFCCFBE69CE7 /* libPods-APN.a in Frameworks */ = {isa = PBXBuildFile; fileRef = 4484071080DA38C1DEEE3030 /* libPods-APN.a */; };
		60653F1C2DAF9DDC00C43B1A /* NotificationService.swift in Sources */ = {isa = PBXBuildFile; fileRef = 60653F1B2DAF9DDC00C43B1A /* NotificationService.swift */; };
		60C0F4F42DA9D6B300879E80 /* NSE.appex in Embed Foundation Extensions */ = {isa = PBXBuildFile; fileRef = 60C0F4ED2DA9D6B300879E80 /* NSE.appex */; settings = {ATTRIBUTES = (RemoveHeadersOnCopy, ); }; };
		60FF4AF42DA9DB4F00F8997B /* AppDelegate.swift in Sources */ = {isa = PBXBuildFile; fileRef = 60FF4AEE2DA9DB4F00F8997B /* AppDelegate.swift */; };
		60FF4AF62DA9DB5000F8997B /* Images.xcassets in Resources */ = {isa = PBXBuildFile; fileRef = 60FF4AF02DA9DB4F00F8997B /* Images.xcassets */; };
		60FF4AF72DA9DB5000F8997B /* LaunchScreen.storyboard in Resources */ = {isa = PBXBuildFile; fileRef = 60FF4AF22DA9DB4F00F8997B /* LaunchScreen.storyboard */; };
		60FF4AF82DA9DB5000F8997B /* PrivacyInfo.xcprivacy in Resources */ = {isa = PBXBuildFile; fileRef = 60FF4AF32DA9DB4F00F8997B /* PrivacyInfo.xcprivacy */; };
		FB48F2C6396BB8D6A9679648 /* libPods-NSE.a in Frameworks */ = {isa = PBXBuildFile; fileRef = A355913BC3F06274266F8D1F /* libPods-NSE.a */; };
/* End PBXBuildFile section */

/* Begin PBXContainerItemProxy section */
		60C0F4F22DA9D6B300879E80 /* PBXContainerItemProxy */ = {
			isa = PBXContainerItemProxy;
			containerPortal = 60C0F4AF2DA9D4D100879E80 /* Project object */;
			proxyType = 1;
			remoteGlobalIDString = 60C0F4EC2DA9D6B300879E80;
			remoteInfo = NSE;
		};
/* End PBXContainerItemProxy section */

/* Begin PBXCopyFilesBuildPhase section */
		60C0F4F92DA9D6B300879E80 /* Embed Foundation Extensions */ = {
			isa = PBXCopyFilesBuildPhase;
			buildActionMask = 2147483647;
			dstPath = "";
			dstSubfolderSpec = 13;
			files = (
				60C0F4F42DA9D6B300879E80 /* NSE.appex in Embed Foundation Extensions */,
			);
			name = "Embed Foundation Extensions";
			runOnlyForDeploymentPostprocessing = 0;
		};
/* End PBXCopyFilesBuildPhase section */

/* Begin PBXFileReference section */
		08144A9C4DB6D6743E073B42 /* Pods-NSE.debug.xcconfig */ = {isa = PBXFileReference; includeInIndex = 1; lastKnownFileType = text.xcconfig; name = "Pods-NSE.debug.xcconfig"; path = "Target Support Files/Pods-NSE/Pods-NSE.debug.xcconfig"; sourceTree = "<group>"; };
		4484071080DA38C1DEEE3030 /* libPods-APN.a */ = {isa = PBXFileReference; explicitFileType = archive.ar; includeInIndex = 0; path = "libPods-APN.a"; sourceTree = BUILT_PRODUCTS_DIR; };
		47B58DBA54B13F7BCD7B1EC6 /* Pods-APN.debug.xcconfig */ = {isa = PBXFileReference; includeInIndex = 1; lastKnownFileType = text.xcconfig; name = "Pods-APN.debug.xcconfig"; path = "Target Support Files/Pods-APN/Pods-APN.debug.xcconfig"; sourceTree = "<group>"; };
		60653F1B2DAF9DDC00C43B1A /* NotificationService.swift */ = {isa = PBXFileReference; lastKnownFileType = sourcecode.swift; name = NotificationService.swift; path = "/Volumes/Storage/Projects/cio/customerio-reactnative/example/ios/NSE/NotificationService.swift"; sourceTree = "<absolute>"; };
		60C0F4B72DA9D4D100879E80 /* APN.app */ = {isa = PBXFileReference; explicitFileType = wrapper.application; includeInIndex = 0; path = APN.app; sourceTree = BUILT_PRODUCTS_DIR; };
		60C0F4ED2DA9D6B300879E80 /* NSE.appex */ = {isa = PBXFileReference; explicitFileType = "wrapper.app-extension"; includeInIndex = 0; path = NSE.appex; sourceTree = BUILT_PRODUCTS_DIR; };
		60C0F4FA2DA9D6B900879E80 /* Info.plist */ = {isa = PBXFileReference; lastKnownFileType = text.plist; name = Info.plist; path = ../ios/NSE/Info.plist; sourceTree = "<group>"; };
		60FF4AEE2DA9DB4F00F8997B /* AppDelegate.swift */ = {isa = PBXFileReference; lastKnownFileType = sourcecode.swift; name = AppDelegate.swift; path = ../ios/App/AppDelegate.swift; sourceTree = SOURCE_ROOT; };
		60FF4AEF2DA9DB4F00F8997B /* Entitlements.entitlements */ = {isa = PBXFileReference; lastKnownFileType = text.plist.entitlements; name = Entitlements.entitlements; path = ../ios/App/Entitlements.entitlements; sourceTree = SOURCE_ROOT; };
		60FF4AF02DA9DB4F00F8997B /* Images.xcassets */ = {isa = PBXFileReference; lastKnownFileType = folder.assetcatalog; name = Images.xcassets; path = ../ios/App/Images.xcassets; sourceTree = SOURCE_ROOT; };
		60FF4AF12DA9DB4F00F8997B /* Info.plist */ = {isa = PBXFileReference; lastKnownFileType = text.plist.xml; name = Info.plist; path = ../ios/App/Info.plist; sourceTree = SOURCE_ROOT; };
		60FF4AF22DA9DB4F00F8997B /* LaunchScreen.storyboard */ = {isa = PBXFileReference; lastKnownFileType = file.storyboard; name = LaunchScreen.storyboard; path = ../ios/App/LaunchScreen.storyboard; sourceTree = SOURCE_ROOT; };
		60FF4AF32DA9DB4F00F8997B /* PrivacyInfo.xcprivacy */ = {isa = PBXFileReference; lastKnownFileType = text.xml; name = PrivacyInfo.xcprivacy; path = ../ios/App/PrivacyInfo.xcprivacy; sourceTree = SOURCE_ROOT; };
		8DD7C12B47D749C66DF549C5 /* Pods-APN.release.xcconfig */ = {isa = PBXFileReference; includeInIndex = 1; lastKnownFileType = text.xcconfig; name = "Pods-APN.release.xcconfig"; path = "Target Support Files/Pods-APN/Pods-APN.release.xcconfig"; sourceTree = "<group>"; };
		A355913BC3F06274266F8D1F /* libPods-NSE.a */ = {isa = PBXFileReference; explicitFileType = archive.ar; includeInIndex = 0; path = "libPods-NSE.a"; sourceTree = BUILT_PRODUCTS_DIR; };
		E87B5BB5997C7E655E0A87E3 /* Pods-NSE.release.xcconfig */ = {isa = PBXFileReference; includeInIndex = 1; lastKnownFileType = text.xcconfig; name = "Pods-NSE.release.xcconfig"; path = "Target Support Files/Pods-NSE/Pods-NSE.release.xcconfig"; sourceTree = "<group>"; };
/* End PBXFileReference section */

/* Begin PBXFrameworksBuildPhase section */
		60C0F4B42DA9D4D100879E80 /* Frameworks */ = {
			isa = PBXFrameworksBuildPhase;
			buildActionMask = 2147483647;
			files = (
				564CC34E13F2CFCCFBE69CE7 /* libPods-APN.a in Frameworks */,
			);
			runOnlyForDeploymentPostprocessing = 0;
		};
		60C0F4EA2DA9D6B300879E80 /* Frameworks */ = {
			isa = PBXFrameworksBuildPhase;
			buildActionMask = 2147483647;
			files = (
				FB48F2C6396BB8D6A9679648 /* libPods-NSE.a in Frameworks */,
			);
			runOnlyForDeploymentPostprocessing = 0;
		};
/* End PBXFrameworksBuildPhase section */

/* Begin PBXGroup section */
		60C0F4AE2DA9D4D100879E80 = {
			isa = PBXGroup;
			children = (
				60C0F4E52DA9D69800879E80 /* APN */,
				60C0F4FC2DA9D6B900879E80 /* NSE */,
				60C0F4B82DA9D4D100879E80 /* Products */,
				C359881F7EA46B0C20653683 /* Pods */,
				FECFAEE01436D23A1A9D111E /* Frameworks */,
			);
			sourceTree = "<group>";
		};
		60C0F4B82DA9D4D100879E80 /* Products */ = {
			isa = PBXGroup;
			children = (
				60C0F4B72DA9D4D100879E80 /* APN.app */,
				60C0F4ED2DA9D6B300879E80 /* NSE.appex */,
			);
			name = Products;
			sourceTree = "<group>";
		};
		60C0F4E52DA9D69800879E80 /* APN */ = {
			isa = PBXGroup;
			children = (
				60FF4AEE2DA9DB4F00F8997B /* AppDelegate.swift */,
				60FF4AEF2DA9DB4F00F8997B /* Entitlements.entitlements */,
				60FF4AF02DA9DB4F00F8997B /* Images.xcassets */,
				60FF4AF12DA9DB4F00F8997B /* Info.plist */,
				60FF4AF22DA9DB4F00F8997B /* LaunchScreen.storyboard */,
				60FF4AF32DA9DB4F00F8997B /* PrivacyInfo.xcprivacy */,
			);
			path = APN;
			sourceTree = "<group>";
		};
		60C0F4FC2DA9D6B900879E80 /* NSE */ = {
			isa = PBXGroup;
			children = (
				60C0F4FA2DA9D6B900879E80 /* Info.plist */,
				60653F1B2DAF9DDC00C43B1A /* NotificationService.swift */,
			);
			path = NSE;
			sourceTree = "<group>";
		};
		C359881F7EA46B0C20653683 /* Pods */ = {
			isa = PBXGroup;
			children = (
				47B58DBA54B13F7BCD7B1EC6 /* Pods-APN.debug.xcconfig */,
				8DD7C12B47D749C66DF549C5 /* Pods-APN.release.xcconfig */,
				08144A9C4DB6D6743E073B42 /* Pods-NSE.debug.xcconfig */,
				E87B5BB5997C7E655E0A87E3 /* Pods-NSE.release.xcconfig */,
			);
			path = Pods;
			sourceTree = "<group>";
		};
		FECFAEE01436D23A1A9D111E /* Frameworks */ = {
			isa = PBXGroup;
			children = (
				4484071080DA38C1DEEE3030 /* libPods-APN.a */,
				A355913BC3F06274266F8D1F /* libPods-NSE.a */,
			);
			name = Frameworks;
			sourceTree = "<group>";
		};
/* End PBXGroup section */

/* Begin PBXNativeTarget section */
		60C0F4B62DA9D4D100879E80 /* APN */ = {
			isa = PBXNativeTarget;
			buildConfigurationList = 60C0F4C22DA9D4D300879E80 /* Build configuration list for PBXNativeTarget "APN" */;
			buildPhases = (
				127D22E7F64F4C7267F10469 /* [CP] Check Pods Manifest.lock */,
				60C0F4B32DA9D4D100879E80 /* Sources */,
				60C0F4B42DA9D4D100879E80 /* Frameworks */,
				60C0F4B52DA9D4D100879E80 /* Resources */,
				60C0F4F92DA9D6B300879E80 /* Embed Foundation Extensions */,
				FE298DCD86A6B602B03592EC /* [CP] Embed Pods Frameworks */,
				F95C250437B8F45ABCCCDB74 /* [CP] Copy Pods Resources */,
			);
			buildRules = (
			);
			dependencies = (
				60C0F4F32DA9D6B300879E80 /* PBXTargetDependency */,
			);
			name = APN;
			productName = APN;
			productReference = 60C0F4B72DA9D4D100879E80 /* APN.app */;
			productType = "com.apple.product-type.application";
		};
		60C0F4EC2DA9D6B300879E80 /* NSE */ = {
			isa = PBXNativeTarget;
			buildConfigurationList = 60C0F4F62DA9D6B300879E80 /* Build configuration list for PBXNativeTarget "NSE" */;
			buildPhases = (
				156F561499278510BBE5451F /* [CP] Check Pods Manifest.lock */,
				60C0F4E92DA9D6B300879E80 /* Sources */,
				60C0F4EA2DA9D6B300879E80 /* Frameworks */,
				60C0F4EB2DA9D6B300879E80 /* Resources */,
				DF969DCDDD7D9511AFCF5A83 /* [CP] Copy Pods Resources */,
			);
			buildRules = (
			);
			dependencies = (
			);
			name = NSE;
			productName = NSE;
			productReference = 60C0F4ED2DA9D6B300879E80 /* NSE.appex */;
			productType = "com.apple.product-type.app-extension";
		};
/* End PBXNativeTarget section */

/* Begin PBXProject section */
		60C0F4AF2DA9D4D100879E80 /* Project object */ = {
			isa = PBXProject;
			attributes = {
				BuildIndependentTargetsInParallel = 1;
				LastSwiftUpdateCheck = 1630;
				LastUpgradeCheck = 1630;
				TargetAttributes = {
					60C0F4B62DA9D4D100879E80 = {
						CreatedOnToolsVersion = 16.3;
						LastSwiftMigration = 1630;
					};
					60C0F4EC2DA9D6B300879E80 = {
						CreatedOnToolsVersion = 16.3;
						LastSwiftMigration = 1630;
					};
				};
			};
			buildConfigurationList = 60C0F4B22DA9D4D100879E80 /* Build configuration list for PBXProject "APN" */;
			compatibilityVersion = "Xcode 15.0";
			developmentRegion = en;
			hasScannedForEncodings = 0;
			knownRegions = (
				en,
				Base,
			);
			mainGroup = 60C0F4AE2DA9D4D100879E80;
			minimizedProjectReferenceProxies = 1;
			productRefGroup = 60C0F4B82DA9D4D100879E80 /* Products */;
			projectDirPath = "";
			projectRoot = "";
			targets = (
				60C0F4B62DA9D4D100879E80 /* APN */,
				60C0F4EC2DA9D6B300879E80 /* NSE */,
			);
		};
/* End PBXProject section */

/* Begin PBXResourcesBuildPhase section */
		60C0F4B52DA9D4D100879E80 /* Resources */ = {
			isa = PBXResourcesBuildPhase;
			buildActionMask = 2147483647;
			files = (
				60FF4AF62DA9DB5000F8997B /* Images.xcassets in Resources */,
				60FF4AF72DA9DB5000F8997B /* LaunchScreen.storyboard in Resources */,
				60FF4AF82DA9DB5000F8997B /* PrivacyInfo.xcprivacy in Resources */,
			);
			runOnlyForDeploymentPostprocessing = 0;
		};
		60C0F4EB2DA9D6B300879E80 /* Resources */ = {
			isa = PBXResourcesBuildPhase;
			buildActionMask = 2147483647;
			files = (
			);
			runOnlyForDeploymentPostprocessing = 0;
		};
/* End PBXResourcesBuildPhase section */

/* Begin PBXShellScriptBuildPhase section */
		127D22E7F64F4C7267F10469 /* [CP] Check Pods Manifest.lock */ = {
			isa = PBXShellScriptBuildPhase;
			buildActionMask = 2147483647;
			files = (
			);
			inputFileListPaths = (
			);
			inputPaths = (
				"${PODS_PODFILE_DIR_PATH}/Podfile.lock",
				"${PODS_ROOT}/Manifest.lock",
			);
			name = "[CP] Check Pods Manifest.lock";
			outputFileListPaths = (
			);
			outputPaths = (
				"$(DERIVED_FILE_DIR)/Pods-APN-checkManifestLockResult.txt",
			);
			runOnlyForDeploymentPostprocessing = 0;
			shellPath = /bin/sh;
			shellScript = "diff \"${PODS_PODFILE_DIR_PATH}/Podfile.lock\" \"${PODS_ROOT}/Manifest.lock\" > /dev/null\nif [ $? != 0 ] ; then\n    # print error to STDERR\n    echo \"error: The sandbox is not in sync with the Podfile.lock. Run 'pod install' or update your CocoaPods installation.\" >&2\n    exit 1\nfi\n# This output is used by Xcode 'outputs' to avoid re-running this script phase.\necho \"SUCCESS\" > \"${SCRIPT_OUTPUT_FILE_0}\"\n";
			showEnvVarsInLog = 0;
		};
		156F561499278510BBE5451F /* [CP] Check Pods Manifest.lock */ = {
			isa = PBXShellScriptBuildPhase;
			buildActionMask = 2147483647;
			files = (
			);
			inputFileListPaths = (
			);
			inputPaths = (
				"${PODS_PODFILE_DIR_PATH}/Podfile.lock",
				"${PODS_ROOT}/Manifest.lock",
			);
			name = "[CP] Check Pods Manifest.lock";
			outputFileListPaths = (
			);
			outputPaths = (
				"$(DERIVED_FILE_DIR)/Pods-NSE-checkManifestLockResult.txt",
			);
			runOnlyForDeploymentPostprocessing = 0;
			shellPath = /bin/sh;
			shellScript = "diff \"${PODS_PODFILE_DIR_PATH}/Podfile.lock\" \"${PODS_ROOT}/Manifest.lock\" > /dev/null\nif [ $? != 0 ] ; then\n    # print error to STDERR\n    echo \"error: The sandbox is not in sync with the Podfile.lock. Run 'pod install' or update your CocoaPods installation.\" >&2\n    exit 1\nfi\n# This output is used by Xcode 'outputs' to avoid re-running this script phase.\necho \"SUCCESS\" > \"${SCRIPT_OUTPUT_FILE_0}\"\n";
			showEnvVarsInLog = 0;
		};
		DF969DCDDD7D9511AFCF5A83 /* [CP] Copy Pods Resources */ = {
			isa = PBXShellScriptBuildPhase;
			buildActionMask = 2147483647;
			files = (
			);
			inputFileListPaths = (
				"${PODS_ROOT}/Target Support Files/Pods-NSE/Pods-NSE-resources-${CONFIGURATION}-input-files.xcfilelist",
			);
			name = "[CP] Copy Pods Resources";
			outputFileListPaths = (
				"${PODS_ROOT}/Target Support Files/Pods-NSE/Pods-NSE-resources-${CONFIGURATION}-output-files.xcfilelist",
			);
			runOnlyForDeploymentPostprocessing = 0;
			shellPath = /bin/sh;
			shellScript = "\"${PODS_ROOT}/Target Support Files/Pods-NSE/Pods-NSE-resources.sh\"\n";
			showEnvVarsInLog = 0;
		};
		F95C250437B8F45ABCCCDB74 /* [CP] Copy Pods Resources */ = {
			isa = PBXShellScriptBuildPhase;
			buildActionMask = 2147483647;
			files = (
			);
			inputFileListPaths = (
				"${PODS_ROOT}/Target Support Files/Pods-APN/Pods-APN-resources-${CONFIGURATION}-input-files.xcfilelist",
			);
			name = "[CP] Copy Pods Resources";
			outputFileListPaths = (
				"${PODS_ROOT}/Target Support Files/Pods-APN/Pods-APN-resources-${CONFIGURATION}-output-files.xcfilelist",
			);
			runOnlyForDeploymentPostprocessing = 0;
			shellPath = /bin/sh;
			shellScript = "\"${PODS_ROOT}/Target Support Files/Pods-APN/Pods-APN-resources.sh\"\n";
			showEnvVarsInLog = 0;
		};
		FE298DCD86A6B602B03592EC /* [CP] Embed Pods Frameworks */ = {
			isa = PBXShellScriptBuildPhase;
			buildActionMask = 2147483647;
			files = (
			);
			inputFileListPaths = (
				"${PODS_ROOT}/Target Support Files/Pods-APN/Pods-APN-frameworks-${CONFIGURATION}-input-files.xcfilelist",
			);
			name = "[CP] Embed Pods Frameworks";
			outputFileListPaths = (
				"${PODS_ROOT}/Target Support Files/Pods-APN/Pods-APN-frameworks-${CONFIGURATION}-output-files.xcfilelist",
			);
			runOnlyForDeploymentPostprocessing = 0;
			shellPath = /bin/sh;
			shellScript = "\"${PODS_ROOT}/Target Support Files/Pods-APN/Pods-APN-frameworks.sh\"\n";
			showEnvVarsInLog = 0;
		};
/* End PBXShellScriptBuildPhase section */

/* Begin PBXSourcesBuildPhase section */
		60C0F4B32DA9D4D100879E80 /* Sources */ = {
			isa = PBXSourcesBuildPhase;
			buildActionMask = 2147483647;
			files = (
				60FF4AF42DA9DB4F00F8997B /* AppDelegate.swift in Sources */,
			);
			runOnlyForDeploymentPostprocessing = 0;
		};
		60C0F4E92DA9D6B300879E80 /* Sources */ = {
			isa = PBXSourcesBuildPhase;
			buildActionMask = 2147483647;
			files = (
				60653F1C2DAF9DDC00C43B1A /* NotificationService.swift in Sources */,
			);
			runOnlyForDeploymentPostprocessing = 0;
		};
/* End PBXSourcesBuildPhase section */

/* Begin PBXTargetDependency section */
		60C0F4F32DA9D6B300879E80 /* PBXTargetDependency */ = {
			isa = PBXTargetDependency;
			target = 60C0F4EC2DA9D6B300879E80 /* NSE */;
			targetProxy = 60C0F4F22DA9D6B300879E80 /* PBXContainerItemProxy */;
		};
/* End PBXTargetDependency section */

/* Begin XCBuildConfiguration section */
		60C0F4C02DA9D4D300879E80 /* Debug */ = {
			isa = XCBuildConfiguration;
			buildSettings = {
				ALWAYS_SEARCH_USER_PATHS = NO;
				ASSETCATALOG_COMPILER_GENERATE_SWIFT_ASSET_SYMBOL_EXTENSIONS = YES;
				CLANG_ANALYZER_NONNULL = YES;
				CLANG_ANALYZER_NUMBER_OBJECT_CONVERSION = YES_AGGRESSIVE;
				CLANG_CXX_LANGUAGE_STANDARD = "c++20";
				CLANG_ENABLE_MODULES = YES;
				CLANG_ENABLE_OBJC_ARC = YES;
				CLANG_ENABLE_OBJC_WEAK = YES;
				CLANG_WARN_BLOCK_CAPTURE_AUTORELEASING = YES;
				CLANG_WARN_BOOL_CONVERSION = YES;
				CLANG_WARN_COMMA = YES;
				CLANG_WARN_CONSTANT_CONVERSION = YES;
				CLANG_WARN_DEPRECATED_OBJC_IMPLEMENTATIONS = YES;
				CLANG_WARN_DIRECT_OBJC_ISA_USAGE = YES_ERROR;
				CLANG_WARN_DOCUMENTATION_COMMENTS = YES;
				CLANG_WARN_EMPTY_BODY = YES;
				CLANG_WARN_ENUM_CONVERSION = YES;
				CLANG_WARN_INFINITE_RECURSION = YES;
				CLANG_WARN_INT_CONVERSION = YES;
				CLANG_WARN_NON_LITERAL_NULL_CONVERSION = YES;
				CLANG_WARN_OBJC_IMPLICIT_RETAIN_SELF = YES;
				CLANG_WARN_OBJC_LITERAL_CONVERSION = YES;
				CLANG_WARN_OBJC_ROOT_CLASS = YES_ERROR;
				CLANG_WARN_QUOTED_INCLUDE_IN_FRAMEWORK_HEADER = YES;
				CLANG_WARN_RANGE_LOOP_ANALYSIS = YES;
				CLANG_WARN_STRICT_PROTOTYPES = YES;
				CLANG_WARN_SUSPICIOUS_MOVE = YES;
				CLANG_WARN_UNGUARDED_AVAILABILITY = YES_AGGRESSIVE;
				CLANG_WARN_UNREACHABLE_CODE = YES;
				CLANG_WARN__DUPLICATE_METHOD_MATCH = YES;
				COPY_PHASE_STRIP = NO;
				DEBUG_INFORMATION_FORMAT = dwarf;
				DEVELOPMENT_TEAM = 7Q37QJKEN8;
				ENABLE_STRICT_OBJC_MSGSEND = YES;
				ENABLE_TESTABILITY = YES;
				ENABLE_USER_SCRIPT_SANDBOXING = YES;
				GCC_C_LANGUAGE_STANDARD = gnu17;
				GCC_DYNAMIC_NO_PIC = NO;
				GCC_NO_COMMON_BLOCKS = YES;
				GCC_OPTIMIZATION_LEVEL = 0;
				GCC_PREPROCESSOR_DEFINITIONS = (
					"DEBUG=1",
					"$(inherited)",
				);
				GCC_WARN_64_TO_32_BIT_CONVERSION = YES;
				GCC_WARN_ABOUT_RETURN_TYPE = YES_ERROR;
				GCC_WARN_UNDECLARED_SELECTOR = YES;
				GCC_WARN_UNINITIALIZED_AUTOS = YES_AGGRESSIVE;
				GCC_WARN_UNUSED_FUNCTION = YES;
				GCC_WARN_UNUSED_VARIABLE = YES;
				IPHONEOS_DEPLOYMENT_TARGET = 18.4;
				LOCALIZATION_PREFERS_STRING_CATALOGS = YES;
				MTL_ENABLE_DEBUG_INFO = INCLUDE_SOURCE;
				MTL_FAST_MATH = YES;
				ONLY_ACTIVE_ARCH = YES;
				OTHER_LDFLAGS = (
					"$(inherited)",
					" ",
				);
				REACT_NATIVE_PATH = "${PODS_ROOT}/../../node_modules/react-native";
				SDKROOT = iphoneos;
				SWIFT_ACTIVE_COMPILATION_CONDITIONS = "$(inherited) DEBUG";
				SWIFT_OPTIMIZATION_LEVEL = "-Onone";
				USE_HERMES = true;
			};
			name = Debug;
		};
		60C0F4C12DA9D4D300879E80 /* Release */ = {
			isa = XCBuildConfiguration;
			buildSettings = {
				ALWAYS_SEARCH_USER_PATHS = NO;
				ASSETCATALOG_COMPILER_GENERATE_SWIFT_ASSET_SYMBOL_EXTENSIONS = YES;
				CLANG_ANALYZER_NONNULL = YES;
				CLANG_ANALYZER_NUMBER_OBJECT_CONVERSION = YES_AGGRESSIVE;
				CLANG_CXX_LANGUAGE_STANDARD = "c++20";
				CLANG_ENABLE_MODULES = YES;
				CLANG_ENABLE_OBJC_ARC = YES;
				CLANG_ENABLE_OBJC_WEAK = YES;
				CLANG_WARN_BLOCK_CAPTURE_AUTORELEASING = YES;
				CLANG_WARN_BOOL_CONVERSION = YES;
				CLANG_WARN_COMMA = YES;
				CLANG_WARN_CONSTANT_CONVERSION = YES;
				CLANG_WARN_DEPRECATED_OBJC_IMPLEMENTATIONS = YES;
				CLANG_WARN_DIRECT_OBJC_ISA_USAGE = YES_ERROR;
				CLANG_WARN_DOCUMENTATION_COMMENTS = YES;
				CLANG_WARN_EMPTY_BODY = YES;
				CLANG_WARN_ENUM_CONVERSION = YES;
				CLANG_WARN_INFINITE_RECURSION = YES;
				CLANG_WARN_INT_CONVERSION = YES;
				CLANG_WARN_NON_LITERAL_NULL_CONVERSION = YES;
				CLANG_WARN_OBJC_IMPLICIT_RETAIN_SELF = YES;
				CLANG_WARN_OBJC_LITERAL_CONVERSION = YES;
				CLANG_WARN_OBJC_ROOT_CLASS = YES_ERROR;
				CLANG_WARN_QUOTED_INCLUDE_IN_FRAMEWORK_HEADER = YES;
				CLANG_WARN_RANGE_LOOP_ANALYSIS = YES;
				CLANG_WARN_STRICT_PROTOTYPES = YES;
				CLANG_WARN_SUSPICIOUS_MOVE = YES;
				CLANG_WARN_UNGUARDED_AVAILABILITY = YES_AGGRESSIVE;
				CLANG_WARN_UNREACHABLE_CODE = YES;
				CLANG_WARN__DUPLICATE_METHOD_MATCH = YES;
				COPY_PHASE_STRIP = NO;
				DEBUG_INFORMATION_FORMAT = "dwarf-with-dsym";
				DEVELOPMENT_TEAM = 7Q37QJKEN8;
				ENABLE_NS_ASSERTIONS = NO;
				ENABLE_STRICT_OBJC_MSGSEND = YES;
				ENABLE_USER_SCRIPT_SANDBOXING = YES;
				GCC_C_LANGUAGE_STANDARD = gnu17;
				GCC_NO_COMMON_BLOCKS = YES;
				GCC_WARN_64_TO_32_BIT_CONVERSION = YES;
				GCC_WARN_ABOUT_RETURN_TYPE = YES_ERROR;
				GCC_WARN_UNDECLARED_SELECTOR = YES;
				GCC_WARN_UNINITIALIZED_AUTOS = YES_AGGRESSIVE;
				GCC_WARN_UNUSED_FUNCTION = YES;
				GCC_WARN_UNUSED_VARIABLE = YES;
				IPHONEOS_DEPLOYMENT_TARGET = 18.4;
				LOCALIZATION_PREFERS_STRING_CATALOGS = YES;
				MTL_ENABLE_DEBUG_INFO = NO;
				MTL_FAST_MATH = YES;
				OTHER_LDFLAGS = (
					"$(inherited)",
					" ",
				);
				REACT_NATIVE_PATH = "${PODS_ROOT}/../../node_modules/react-native";
				SDKROOT = iphoneos;
				SWIFT_COMPILATION_MODE = wholemodule;
				USE_HERMES = true;
				VALIDATE_PRODUCT = YES;
			};
			name = Release;
		};
		60C0F4C32DA9D4D300879E80 /* Debug */ = {
			isa = XCBuildConfiguration;
			baseConfigurationReference = 47B58DBA54B13F7BCD7B1EC6 /* Pods-APN.debug.xcconfig */;
			buildSettings = {
				ASSETCATALOG_COMPILER_APPICON_NAME = AppIcon;
				ASSETCATALOG_COMPILER_GLOBAL_ACCENT_COLOR_NAME = AccentColor;
				CLANG_ENABLE_MODULES = YES;
				CODE_SIGN_STYLE = Automatic;
				CURRENT_PROJECT_VERSION = 1;
				DEVELOPMENT_TEAM = 7Q37QJKEN8;
				ENABLE_PREVIEWS = YES;
				ENABLE_USER_SCRIPT_SANDBOXING = NO;
				GENERATE_INFOPLIST_FILE = YES;
				INFOPLIST_FILE = ../ios/App/Info.plist;
				INFOPLIST_KEY_CFBundleDisplayName = "$(PRODUCT_NAME)";
				INFOPLIST_KEY_NSLocationWhenInUseUsageDescription = "";
				INFOPLIST_KEY_UIApplicationSupportsIndirectInputEvents = YES;
				INFOPLIST_KEY_UILaunchScreen_Generation = YES;
				INFOPLIST_KEY_UILaunchStoryboardName = LaunchScreen;
				INFOPLIST_KEY_UIRequiredDeviceCapabilities = arm64;
				INFOPLIST_KEY_UISupportedInterfaceOrientations = "UIInterfaceOrientationPortrait UIInterfaceOrientationLandscapeLeft UIInterfaceOrientationLandscapeRight";
				INFOPLIST_KEY_UISupportedInterfaceOrientations_iPad = "UIInterfaceOrientationPortrait UIInterfaceOrientationPortraitUpsideDown UIInterfaceOrientationLandscapeLeft UIInterfaceOrientationLandscapeRight";
				INFOPLIST_KEY_UISupportedInterfaceOrientations_iPhone = "UIInterfaceOrientationPortrait UIInterfaceOrientationLandscapeLeft UIInterfaceOrientationLandscapeRight";
				LD_RUNPATH_SEARCH_PATHS = (
					"$(inherited)",
					"@executable_path/Frameworks",
				);
				MARKETING_VERSION = 1.0;
				PRODUCT_BUNDLE_IDENTIFIER = io.customer.ami;
				PRODUCT_NAME = "$(TARGET_NAME)";
				SWIFT_EMIT_LOC_STRINGS = YES;
				SWIFT_OPTIMIZATION_LEVEL = "-Onone";
				SWIFT_VERSION = 5.0;
				TARGETED_DEVICE_FAMILY = "1,2";
			};
			name = Debug;
		};
		60C0F4C42DA9D4D300879E80 /* Release */ = {
			isa = XCBuildConfiguration;
			baseConfigurationReference = 8DD7C12B47D749C66DF549C5 /* Pods-APN.release.xcconfig */;
			buildSettings = {
				ASSETCATALOG_COMPILER_APPICON_NAME = AppIcon;
				ASSETCATALOG_COMPILER_GLOBAL_ACCENT_COLOR_NAME = AccentColor;
				CLANG_ENABLE_MODULES = YES;
				CODE_SIGN_STYLE = Automatic;
				CURRENT_PROJECT_VERSION = 1;
				DEVELOPMENT_TEAM = 7Q37QJKEN8;
				ENABLE_PREVIEWS = YES;
				ENABLE_USER_SCRIPT_SANDBOXING = NO;
				GENERATE_INFOPLIST_FILE = YES;
				INFOPLIST_FILE = ../ios/App/Info.plist;
				INFOPLIST_KEY_CFBundleDisplayName = "$(PRODUCT_NAME)";
				INFOPLIST_KEY_NSLocationWhenInUseUsageDescription = "";
				INFOPLIST_KEY_UIApplicationSupportsIndirectInputEvents = YES;
				INFOPLIST_KEY_UILaunchScreen_Generation = YES;
				INFOPLIST_KEY_UILaunchStoryboardName = LaunchScreen;
				INFOPLIST_KEY_UIRequiredDeviceCapabilities = arm64;
				INFOPLIST_KEY_UISupportedInterfaceOrientations = "UIInterfaceOrientationPortrait UIInterfaceOrientationLandscapeLeft UIInterfaceOrientationLandscapeRight";
				INFOPLIST_KEY_UISupportedInterfaceOrientations_iPad = "UIInterfaceOrientationPortrait UIInterfaceOrientationPortraitUpsideDown UIInterfaceOrientationLandscapeLeft UIInterfaceOrientationLandscapeRight";
				INFOPLIST_KEY_UISupportedInterfaceOrientations_iPhone = "UIInterfaceOrientationPortrait UIInterfaceOrientationLandscapeLeft UIInterfaceOrientationLandscapeRight";
				LD_RUNPATH_SEARCH_PATHS = (
					"$(inherited)",
					"@executable_path/Frameworks",
				);
				MARKETING_VERSION = 1.0;
				PRODUCT_BUNDLE_IDENTIFIER = io.customer.ami;
				PRODUCT_NAME = "$(TARGET_NAME)";
				SWIFT_EMIT_LOC_STRINGS = YES;
				SWIFT_VERSION = 5.0;
				TARGETED_DEVICE_FAMILY = "1,2";
			};
			name = Release;
		};
		60C0F4F72DA9D6B300879E80 /* Debug */ = {
			isa = XCBuildConfiguration;
			baseConfigurationReference = 08144A9C4DB6D6743E073B42 /* Pods-NSE.debug.xcconfig */;
			buildSettings = {
				CLANG_ENABLE_MODULES = YES;
				CODE_SIGN_STYLE = Automatic;
				CURRENT_PROJECT_VERSION = 1;
				DEVELOPMENT_TEAM = 7Q37QJKEN8;
				ENABLE_USER_SCRIPT_SANDBOXING = NO;
				GENERATE_INFOPLIST_FILE = YES;
				INFOPLIST_FILE = ../ios/NSE/Info.plist;
				INFOPLIST_KEY_CFBundleDisplayName = NSE;
				INFOPLIST_KEY_NSHumanReadableCopyright = "";
				LD_RUNPATH_SEARCH_PATHS = (
					"$(inherited)",
					"@executable_path/Frameworks",
					"@executable_path/../../Frameworks",
				);
				MARKETING_VERSION = 1.0;
				PRODUCT_BUNDLE_IDENTIFIER = io.customer.ami.NSE;
				PRODUCT_NAME = "$(TARGET_NAME)";
				SKIP_INSTALL = YES;
				SWIFT_EMIT_LOC_STRINGS = YES;
				SWIFT_OPTIMIZATION_LEVEL = "-Onone";
				SWIFT_VERSION = 5.0;
				TARGETED_DEVICE_FAMILY = "1,2";
			};
			name = Debug;
		};
		60C0F4F82DA9D6B300879E80 /* Release */ = {
			isa = XCBuildConfiguration;
			baseConfigurationReference = E87B5BB5997C7E655E0A87E3 /* Pods-NSE.release.xcconfig */;
			buildSettings = {
				CLANG_ENABLE_MODULES = YES;
				CODE_SIGN_STYLE = Automatic;
				CURRENT_PROJECT_VERSION = 1;
				DEVELOPMENT_TEAM = 7Q37QJKEN8;
				ENABLE_USER_SCRIPT_SANDBOXING = NO;
				GENERATE_INFOPLIST_FILE = YES;
				INFOPLIST_FILE = ../ios/NSE/Info.plist;
				INFOPLIST_KEY_CFBundleDisplayName = NSE;
				INFOPLIST_KEY_NSHumanReadableCopyright = "";
				LD_RUNPATH_SEARCH_PATHS = (
					"$(inherited)",
					"@executable_path/Frameworks",
					"@executable_path/../../Frameworks",
				);
				MARKETING_VERSION = 1.0;
				PRODUCT_BUNDLE_IDENTIFIER = io.customer.ami.NSE;
				PRODUCT_NAME = "$(TARGET_NAME)";
				SKIP_INSTALL = YES;
				SWIFT_EMIT_LOC_STRINGS = YES;
				SWIFT_VERSION = 5.0;
				TARGETED_DEVICE_FAMILY = "1,2";
			};
			name = Release;
		};
/* End XCBuildConfiguration section */

/* Begin XCConfigurationList section */
		60C0F4B22DA9D4D100879E80 /* Build configuration list for PBXProject "APN" */ = {
			isa = XCConfigurationList;
			buildConfigurations = (
				60C0F4C02DA9D4D300879E80 /* Debug */,
				60C0F4C12DA9D4D300879E80 /* Release */,
			);
			defaultConfigurationIsVisible = 0;
			defaultConfigurationName = Release;
		};
		60C0F4C22DA9D4D300879E80 /* Build configuration list for PBXNativeTarget "APN" */ = {
			isa = XCConfigurationList;
			buildConfigurations = (
				60C0F4C32DA9D4D300879E80 /* Debug */,
				60C0F4C42DA9D4D300879E80 /* Release */,
			);
			defaultConfigurationIsVisible = 0;
			defaultConfigurationName = Release;
		};
		60C0F4F62DA9D6B300879E80 /* Build configuration list for PBXNativeTarget "NSE" */ = {
			isa = XCConfigurationList;
			buildConfigurations = (
				60C0F4F72DA9D6B300879E80 /* Debug */,
				60C0F4F82DA9D6B300879E80 /* Release */,
			);
			defaultConfigurationIsVisible = 0;
			defaultConfigurationName = Release;
		};
/* End XCConfigurationList section */
	};
	rootObject = 60C0F4AF2DA9D4D100879E80 /* Project object */;
}
