PODS:
  - boost (1.76.0)
  - customerio-reactnative (3.1.7):
    - customerio-reactnative/nopush (= 3.1.7)
    - CustomerIO/MessagingInApp (= 2.7.7)
    - CustomerIO/Tracking (= 2.7.7)
    - React-Core
  - customerio-reactnative-richpush/apn (3.1.7):
    - CustomerIO/MessagingPushAPN (= 2.7.7)
  - customerio-reactnative/apn (3.1.7):
    - CustomerIO/MessagingInApp (= 2.7.7)
    - CustomerIO/MessagingPushAPN (= 2.7.7)
    - CustomerIO/Tracking (= 2.7.7)
    - React-Core
  - customerio-reactnative/nopush (3.1.7):
    - CustomerIO/MessagingInApp (= 2.7.7)
    - CustomerIO/Tracking (= 2.7.7)
    - React-Core
  - CustomerIO/MessagingInApp (2.7.7):
    - CustomerIOMessagingInApp (= 2.7.7)
  - CustomerIO/MessagingPushAPN (2.7.7):
    - CustomerIOMessagingPushAPN (= 2.7.7)
  - CustomerIO/Tracking (2.7.7):
    - CustomerIOTracking (= 2.7.7)
  - CustomerIOCommon (2.7.7)
  - CustomerIOMessagingInApp (2.7.7):
    - CustomerIOTracking (= 2.7.7)
  - CustomerIOMessagingPush (2.7.7):
    - CustomerIOTracking (= 2.7.7)
  - CustomerIOMessagingPushAPN (2.7.7):
    - CustomerIOMessagingPush (= 2.7.7)
  - CustomerIOTracking (2.7.7):
    - CustomerIOCommon (= 2.7.7)
  - DoubleConversion (1.1.6)
  - FBLazyVector (0.70.0)
  - FBReactNativeSpec (0.70.0):
    - RCT-Folly (= 2021.07.22.00)
    - RCTRequired (= 0.70.0)
    - RCTTypeSafety (= 0.70.0)
    - React-Core (= 0.70.0)
    - React-jsi (= 0.70.0)
    - ReactCommon/turbomodule/core (= 0.70.0)
  - fmt (6.2.1)
  - glog (0.3.5)
  - hermes-engine (0.70.0)
  - libevent (2.1.12)
  - RCT-Folly (2021.07.22.00):
    - boost
    - DoubleConversion
    - fmt (~> 6.2.1)
    - glog
    - RCT-Folly/Default (= 2021.07.22.00)
  - RCT-Folly/Default (2021.07.22.00):
    - boost
    - DoubleConversion
    - fmt (~> 6.2.1)
    - glog
  - RCT-Folly/Futures (2021.07.22.00):
    - boost
    - DoubleConversion
    - fmt (~> 6.2.1)
    - glog
    - libevent
  - RCTRequired (0.70.0)
  - RCTTypeSafety (0.70.0):
    - FBLazyVector (= 0.70.0)
    - RCTRequired (= 0.70.0)
    - React-Core (= 0.70.0)
  - React (0.70.0):
    - React-Core (= 0.70.0)
    - React-Core/DevSupport (= 0.70.0)
    - React-Core/RCTWebSocket (= 0.70.0)
    - React-RCTActionSheet (= 0.70.0)
    - React-RCTAnimation (= 0.70.0)
    - React-RCTBlob (= 0.70.0)
    - React-RCTImage (= 0.70.0)
    - React-RCTLinking (= 0.70.0)
    - React-RCTNetwork (= 0.70.0)
    - React-RCTSettings (= 0.70.0)
    - React-RCTText (= 0.70.0)
    - React-RCTVibration (= 0.70.0)
  - React-bridging (0.70.0):
    - RCT-Folly (= 2021.07.22.00)
    - React-jsi (= 0.70.0)
  - React-callinvoker (0.70.0)
  - React-Codegen (0.70.0):
    - FBReactNativeSpec (= 0.70.0)
    - RCT-Folly (= 2021.07.22.00)
    - RCTRequired (= 0.70.0)
    - RCTTypeSafety (= 0.70.0)
    - React-Core (= 0.70.0)
    - React-jsi (= 0.70.0)
    - React-jsiexecutor (= 0.70.0)
    - ReactCommon/turbomodule/core (= 0.70.0)
  - React-Core (0.70.0):
    - glog
    - RCT-Folly (= 2021.07.22.00)
    - React-Core/Default (= 0.70.0)
    - React-cxxreact (= 0.70.0)
    - React-jsi (= 0.70.0)
    - React-jsiexecutor (= 0.70.0)
    - React-perflogger (= 0.70.0)
    - Yoga
  - React-Core/CoreModulesHeaders (0.70.0):
    - glog
    - RCT-Folly (= 2021.07.22.00)
    - React-Core/Default
    - React-cxxreact (= 0.70.0)
    - React-jsi (= 0.70.0)
    - React-jsiexecutor (= 0.70.0)
    - React-perflogger (= 0.70.0)
    - Yoga
  - React-Core/Default (0.70.0):
    - glog
    - RCT-Folly (= 2021.07.22.00)
    - React-cxxreact (= 0.70.0)
    - React-jsi (= 0.70.0)
    - React-jsiexecutor (= 0.70.0)
    - React-perflogger (= 0.70.0)
    - Yoga
  - React-Core/DevSupport (0.70.0):
    - glog
    - RCT-Folly (= 2021.07.22.00)
    - React-Core/Default (= 0.70.0)
    - React-Core/RCTWebSocket (= 0.70.0)
    - React-cxxreact (= 0.70.0)
    - React-jsi (= 0.70.0)
    - React-jsiexecutor (= 0.70.0)
    - React-jsinspector (= 0.70.0)
    - React-perflogger (= 0.70.0)
    - Yoga
  - React-Core/RCTActionSheetHeaders (0.70.0):
    - glog
    - RCT-Folly (= 2021.07.22.00)
    - React-Core/Default
    - React-cxxreact (= 0.70.0)
    - React-jsi (= 0.70.0)
    - React-jsiexecutor (= 0.70.0)
    - React-perflogger (= 0.70.0)
    - Yoga
  - React-Core/RCTAnimationHeaders (0.70.0):
    - glog
    - RCT-Folly (= 2021.07.22.00)
    - React-Core/Default
    - React-cxxreact (= 0.70.0)
    - React-jsi (= 0.70.0)
    - React-jsiexecutor (= 0.70.0)
    - React-perflogger (= 0.70.0)
    - Yoga
  - React-Core/RCTBlobHeaders (0.70.0):
    - glog
    - RCT-Folly (= 2021.07.22.00)
    - React-Core/Default
    - React-cxxreact (= 0.70.0)
    - React-jsi (= 0.70.0)
    - React-jsiexecutor (= 0.70.0)
    - React-perflogger (= 0.70.0)
    - Yoga
  - React-Core/RCTImageHeaders (0.70.0):
    - glog
    - RCT-Folly (= 2021.07.22.00)
    - React-Core/Default
    - React-cxxreact (= 0.70.0)
    - React-jsi (= 0.70.0)
    - React-jsiexecutor (= 0.70.0)
    - React-perflogger (= 0.70.0)
    - Yoga
  - React-Core/RCTLinkingHeaders (0.70.0):
    - glog
    - RCT-Folly (= 2021.07.22.00)
    - React-Core/Default
    - React-cxxreact (= 0.70.0)
    - React-jsi (= 0.70.0)
    - React-jsiexecutor (= 0.70.0)
    - React-perflogger (= 0.70.0)
    - Yoga
  - React-Core/RCTNetworkHeaders (0.70.0):
    - glog
    - RCT-Folly (= 2021.07.22.00)
    - React-Core/Default
    - React-cxxreact (= 0.70.0)
    - React-jsi (= 0.70.0)
    - React-jsiexecutor (= 0.70.0)
    - React-perflogger (= 0.70.0)
    - Yoga
  - React-Core/RCTSettingsHeaders (0.70.0):
    - glog
    - RCT-Folly (= 2021.07.22.00)
    - React-Core/Default
    - React-cxxreact (= 0.70.0)
    - React-jsi (= 0.70.0)
    - React-jsiexecutor (= 0.70.0)
    - React-perflogger (= 0.70.0)
    - Yoga
  - React-Core/RCTTextHeaders (0.70.0):
    - glog
    - RCT-Folly (= 2021.07.22.00)
    - React-Core/Default
    - React-cxxreact (= 0.70.0)
    - React-jsi (= 0.70.0)
    - React-jsiexecutor (= 0.70.0)
    - React-perflogger (= 0.70.0)
    - Yoga
  - React-Core/RCTVibrationHeaders (0.70.0):
    - glog
    - RCT-Folly (= 2021.07.22.00)
    - React-Core/Default
    - React-cxxreact (= 0.70.0)
    - React-jsi (= 0.70.0)
    - React-jsiexecutor (= 0.70.0)
    - React-perflogger (= 0.70.0)
    - Yoga
  - React-Core/RCTWebSocket (0.70.0):
    - glog
    - RCT-Folly (= 2021.07.22.00)
    - React-Core/Default (= 0.70.0)
    - React-cxxreact (= 0.70.0)
    - React-jsi (= 0.70.0)
    - React-jsiexecutor (= 0.70.0)
    - React-perflogger (= 0.70.0)
    - Yoga
  - React-CoreModules (0.70.0):
    - RCT-Folly (= 2021.07.22.00)
    - RCTTypeSafety (= 0.70.0)
    - React-Codegen (= 0.70.0)
    - React-Core/CoreModulesHeaders (= 0.70.0)
    - React-jsi (= 0.70.0)
    - React-RCTImage (= 0.70.0)
    - ReactCommon/turbomodule/core (= 0.70.0)
  - React-cxxreact (0.70.0):
    - boost (= 1.76.0)
    - DoubleConversion
    - glog
    - RCT-Folly (= 2021.07.22.00)
    - React-callinvoker (= 0.70.0)
    - React-jsi (= 0.70.0)
    - React-jsinspector (= 0.70.0)
    - React-logger (= 0.70.0)
    - React-perflogger (= 0.70.0)
    - React-runtimeexecutor (= 0.70.0)
  - React-hermes (0.70.0):
    - DoubleConversion
    - glog
    - hermes-engine
    - RCT-Folly (= 2021.07.22.00)
    - RCT-Folly/Futures (= 2021.07.22.00)
    - React-cxxreact (= 0.70.0)
    - React-jsi (= 0.70.0)
    - React-jsiexecutor (= 0.70.0)
    - React-jsinspector (= 0.70.0)
    - React-perflogger (= 0.70.0)
  - React-jsi (0.70.0):
    - boost (= 1.76.0)
    - DoubleConversion
    - glog
    - RCT-Folly (= 2021.07.22.00)
    - React-jsi/Default (= 0.70.0)
  - React-jsi/Default (0.70.0):
    - boost (= 1.76.0)
    - DoubleConversion
    - glog
    - RCT-Folly (= 2021.07.22.00)
  - React-jsiexecutor (0.70.0):
    - DoubleConversion
    - glog
    - RCT-Folly (= 2021.07.22.00)
    - React-cxxreact (= 0.70.0)
    - React-jsi (= 0.70.0)
    - React-perflogger (= 0.70.0)
  - React-jsinspector (0.70.0)
  - React-logger (0.70.0):
    - glog
  - react-native-safe-area-context (4.5.3):
    - RCT-Folly
    - RCTRequired
    - RCTTypeSafety
    - React-Core
    - ReactCommon/turbomodule/core
  - React-perflogger (0.70.0)
  - React-RCTActionSheet (0.70.0):
    - React-Core/RCTActionSheetHeaders (= 0.70.0)
  - React-RCTAnimation (0.70.0):
    - RCT-Folly (= 2021.07.22.00)
    - RCTTypeSafety (= 0.70.0)
    - React-Codegen (= 0.70.0)
    - React-Core/RCTAnimationHeaders (= 0.70.0)
    - React-jsi (= 0.70.0)
    - ReactCommon/turbomodule/core (= 0.70.0)
  - React-RCTBlob (0.70.0):
    - RCT-Folly (= 2021.07.22.00)
    - React-Codegen (= 0.70.0)
    - React-Core/RCTBlobHeaders (= 0.70.0)
    - React-Core/RCTWebSocket (= 0.70.0)
    - React-jsi (= 0.70.0)
    - React-RCTNetwork (= 0.70.0)
    - ReactCommon/turbomodule/core (= 0.70.0)
  - React-RCTImage (0.70.0):
    - RCT-Folly (= 2021.07.22.00)
    - RCTTypeSafety (= 0.70.0)
    - React-Codegen (= 0.70.0)
    - React-Core/RCTImageHeaders (= 0.70.0)
    - React-jsi (= 0.70.0)
    - React-RCTNetwork (= 0.70.0)
    - ReactCommon/turbomodule/core (= 0.70.0)
  - React-RCTLinking (0.70.0):
    - React-Codegen (= 0.70.0)
    - React-Core/RCTLinkingHeaders (= 0.70.0)
    - React-jsi (= 0.70.0)
    - ReactCommon/turbomodule/core (= 0.70.0)
  - React-RCTNetwork (0.70.0):
    - RCT-Folly (= 2021.07.22.00)
    - RCTTypeSafety (= 0.70.0)
    - React-Codegen (= 0.70.0)
    - React-Core/RCTNetworkHeaders (= 0.70.0)
    - React-jsi (= 0.70.0)
    - ReactCommon/turbomodule/core (= 0.70.0)
  - React-RCTSettings (0.70.0):
    - RCT-Folly (= 2021.07.22.00)
    - RCTTypeSafety (= 0.70.0)
    - React-Codegen (= 0.70.0)
    - React-Core/RCTSettingsHeaders (= 0.70.0)
    - React-jsi (= 0.70.0)
    - ReactCommon/turbomodule/core (= 0.70.0)
  - React-RCTText (0.70.0):
    - React-Core/RCTTextHeaders (= 0.70.0)
  - React-RCTVibration (0.70.0):
    - RCT-Folly (= 2021.07.22.00)
    - React-Codegen (= 0.70.0)
    - React-Core/RCTVibrationHeaders (= 0.70.0)
    - React-jsi (= 0.70.0)
    - ReactCommon/turbomodule/core (= 0.70.0)
  - React-runtimeexecutor (0.70.0):
    - React-jsi (= 0.70.0)
  - ReactCommon/turbomodule/core (0.70.0):
    - DoubleConversion
    - glog
    - RCT-Folly (= 2021.07.22.00)
    - React-bridging (= 0.70.0)
    - React-callinvoker (= 0.70.0)
    - React-Core (= 0.70.0)
    - React-cxxreact (= 0.70.0)
    - React-jsi (= 0.70.0)
    - React-logger (= 0.70.0)
    - React-perflogger (= 0.70.0)
  - RNCAsyncStorage (1.18.2):
    - React-Core
  - RNCClipboard (1.11.2):
    - React-Core
  - RNCPushNotificationIOS (1.11.0):
    - React-Core
  - RNDeviceInfo (10.7.0):
    - React-Core
  - RNGestureHandler (1.10.3):
    - React-Core
  - RNReanimated (2.2.4):
    - DoubleConversion
    - FBLazyVector
    - FBReactNativeSpec
    - glog
    - RCT-Folly
    - RCTRequired
    - RCTTypeSafety
    - React
    - React-callinvoker
    - React-Core
    - React-Core/DevSupport
    - React-Core/RCTWebSocket
    - React-CoreModules
    - React-cxxreact
    - React-jsi
    - React-jsiexecutor
    - React-jsinspector
    - React-RCTActionSheet
    - React-RCTAnimation
    - React-RCTBlob
    - React-RCTImage
    - React-RCTLinking
    - React-RCTNetwork
    - React-RCTSettings
    - React-RCTText
    - React-RCTVibration
    - ReactCommon/turbomodule/core
    - Yoga
  - RNScreens (3.4.0):
    - React-Core
    - React-RCTImage
  - RNSnackbar (2.6.2):
    - React-Core
  - Yoga (1.14.0)

DEPENDENCIES:
  - boost (from `../node_modules/react-native/third-party-podspecs/boost.podspec`)
  - customerio-reactnative (from `../node_modules/customerio-reactnative`)
  - customerio-reactnative-richpush/apn (from `../node_modules/customerio-reactnative`)
  - customerio-reactnative/apn (from `../node_modules/customerio-reactnative`)
  - DoubleConversion (from `../node_modules/react-native/third-party-podspecs/DoubleConversion.podspec`)
  - FBLazyVector (from `../node_modules/react-native/Libraries/FBLazyVector`)
  - FBReactNativeSpec (from `../node_modules/react-native/React/FBReactNativeSpec`)
  - glog (from `../node_modules/react-native/third-party-podspecs/glog.podspec`)
  - hermes-engine (from `../node_modules/react-native/sdks/hermes/hermes-engine.podspec`)
  - libevent (~> 2.1.12)
  - RCT-Folly (from `../node_modules/react-native/third-party-podspecs/RCT-Folly.podspec`)
  - RCTRequired (from `../node_modules/react-native/Libraries/RCTRequired`)
  - RCTTypeSafety (from `../node_modules/react-native/Libraries/TypeSafety`)
  - React (from `../node_modules/react-native/`)
  - React-bridging (from `../node_modules/react-native/ReactCommon`)
  - React-callinvoker (from `../node_modules/react-native/ReactCommon/callinvoker`)
  - React-Codegen (from `build/generated/ios`)
  - React-Core (from `../node_modules/react-native/`)
  - React-Core/RCTWebSocket (from `../node_modules/react-native/`)
  - React-CoreModules (from `../node_modules/react-native/React/CoreModules`)
  - React-cxxreact (from `../node_modules/react-native/ReactCommon/cxxreact`)
  - React-hermes (from `../node_modules/react-native/ReactCommon/hermes`)
  - React-jsi (from `../node_modules/react-native/ReactCommon/jsi`)
  - React-jsiexecutor (from `../node_modules/react-native/ReactCommon/jsiexecutor`)
  - React-jsinspector (from `../node_modules/react-native/ReactCommon/jsinspector`)
  - React-logger (from `../node_modules/react-native/ReactCommon/logger`)
  - react-native-safe-area-context (from `../node_modules/react-native-safe-area-context`)
  - React-perflogger (from `../node_modules/react-native/ReactCommon/reactperflogger`)
  - React-RCTActionSheet (from `../node_modules/react-native/Libraries/ActionSheetIOS`)
  - React-RCTAnimation (from `../node_modules/react-native/Libraries/NativeAnimation`)
  - React-RCTBlob (from `../node_modules/react-native/Libraries/Blob`)
  - React-RCTImage (from `../node_modules/react-native/Libraries/Image`)
  - React-RCTLinking (from `../node_modules/react-native/Libraries/LinkingIOS`)
  - React-RCTNetwork (from `../node_modules/react-native/Libraries/Network`)
  - React-RCTSettings (from `../node_modules/react-native/Libraries/Settings`)
  - React-RCTText (from `../node_modules/react-native/Libraries/Text`)
  - React-RCTVibration (from `../node_modules/react-native/Libraries/Vibration`)
  - React-runtimeexecutor (from `../node_modules/react-native/ReactCommon/runtimeexecutor`)
  - ReactCommon/turbomodule/core (from `../node_modules/react-native/ReactCommon`)
  - "RNCAsyncStorage (from `../node_modules/@react-native-async-storage/async-storage`)"
  - "RNCClipboard (from `../node_modules/@react-native-clipboard/clipboard`)"
  - "RNCPushNotificationIOS (from `../node_modules/@react-native-community/push-notification-ios`)"
  - RNDeviceInfo (from `../node_modules/react-native-device-info`)
  - RNGestureHandler (from `../node_modules/react-native-gesture-handler`)
  - RNReanimated (from `../node_modules/react-native-reanimated`)
  - RNScreens (from `../node_modules/react-native-screens`)
  - RNSnackbar (from `../node_modules/react-native-snackbar`)
  - Yoga (from `../node_modules/react-native/ReactCommon/yoga`)

SPEC REPOS:
  trunk:
    - CustomerIO
    - CustomerIOCommon
    - CustomerIOMessagingInApp
    - CustomerIOMessagingPush
    - CustomerIOMessagingPushAPN
    - CustomerIOTracking
    - fmt
    - libevent

EXTERNAL SOURCES:
  boost:
    :podspec: "../node_modules/react-native/third-party-podspecs/boost.podspec"
  customerio-reactnative:
    :path: "../node_modules/customerio-reactnative"
  customerio-reactnative-richpush:
    :path: "../node_modules/customerio-reactnative"
  DoubleConversion:
    :podspec: "../node_modules/react-native/third-party-podspecs/DoubleConversion.podspec"
  FBLazyVector:
    :path: "../node_modules/react-native/Libraries/FBLazyVector"
  FBReactNativeSpec:
    :path: "../node_modules/react-native/React/FBReactNativeSpec"
  glog:
    :podspec: "../node_modules/react-native/third-party-podspecs/glog.podspec"
  hermes-engine:
    :podspec: "../node_modules/react-native/sdks/hermes/hermes-engine.podspec"
  RCT-Folly:
    :podspec: "../node_modules/react-native/third-party-podspecs/RCT-Folly.podspec"
  RCTRequired:
    :path: "../node_modules/react-native/Libraries/RCTRequired"
  RCTTypeSafety:
    :path: "../node_modules/react-native/Libraries/TypeSafety"
  React:
    :path: "../node_modules/react-native/"
  React-bridging:
    :path: "../node_modules/react-native/ReactCommon"
  React-callinvoker:
    :path: "../node_modules/react-native/ReactCommon/callinvoker"
  React-Codegen:
    :path: build/generated/ios
  React-Core:
    :path: "../node_modules/react-native/"
  React-CoreModules:
    :path: "../node_modules/react-native/React/CoreModules"
  React-cxxreact:
    :path: "../node_modules/react-native/ReactCommon/cxxreact"
  React-hermes:
    :path: "../node_modules/react-native/ReactCommon/hermes"
  React-jsi:
    :path: "../node_modules/react-native/ReactCommon/jsi"
  React-jsiexecutor:
    :path: "../node_modules/react-native/ReactCommon/jsiexecutor"
  React-jsinspector:
    :path: "../node_modules/react-native/ReactCommon/jsinspector"
  React-logger:
    :path: "../node_modules/react-native/ReactCommon/logger"
  react-native-safe-area-context:
    :path: "../node_modules/react-native-safe-area-context"
  React-perflogger:
    :path: "../node_modules/react-native/ReactCommon/reactperflogger"
  React-RCTActionSheet:
    :path: "../node_modules/react-native/Libraries/ActionSheetIOS"
  React-RCTAnimation:
    :path: "../node_modules/react-native/Libraries/NativeAnimation"
  React-RCTBlob:
    :path: "../node_modules/react-native/Libraries/Blob"
  React-RCTImage:
    :path: "../node_modules/react-native/Libraries/Image"
  React-RCTLinking:
    :path: "../node_modules/react-native/Libraries/LinkingIOS"
  React-RCTNetwork:
    :path: "../node_modules/react-native/Libraries/Network"
  React-RCTSettings:
    :path: "../node_modules/react-native/Libraries/Settings"
  React-RCTText:
    :path: "../node_modules/react-native/Libraries/Text"
  React-RCTVibration:
    :path: "../node_modules/react-native/Libraries/Vibration"
  React-runtimeexecutor:
    :path: "../node_modules/react-native/ReactCommon/runtimeexecutor"
  ReactCommon:
    :path: "../node_modules/react-native/ReactCommon"
  RNCAsyncStorage:
    :path: "../node_modules/@react-native-async-storage/async-storage"
  RNCClipboard:
    :path: "../node_modules/@react-native-clipboard/clipboard"
  RNCPushNotificationIOS:
    :path: "../node_modules/@react-native-community/push-notification-ios"
  RNDeviceInfo:
    :path: "../node_modules/react-native-device-info"
  RNGestureHandler:
    :path: "../node_modules/react-native-gesture-handler"
  RNReanimated:
    :path: "../node_modules/react-native-reanimated"
  RNScreens:
    :path: "../node_modules/react-native-screens"
  RNSnackbar:
    :path: "../node_modules/react-native-snackbar"
  Yoga:
    :path: "../node_modules/react-native/ReactCommon/yoga"

SPEC CHECKSUMS:
  boost: a7c83b31436843459a1961bfd74b96033dc77234
  CustomerIO: ad7274a7c0ab31c33516b9262dfc408bfc66efa7
  customerio-reactnative: 65c07e888b3810ac21357af3ed08e456ba0321bc
  customerio-reactnative-richpush: 1e2a44da4acfbabec0e9d9f75cb7ca09566242b7
  CustomerIOCommon: 64985257333953ddf7f2ab4f314c74d6949c5216
  CustomerIOMessagingInApp: 5a1325c5638171bfb3418a914a550393488fdad9
  CustomerIOMessagingPush: 8e5b9692fc80d778a9ab3ef6b310f9160a7e00b6
  CustomerIOMessagingPushAPN: 28dfe73ebb6bb9642dc878635a0515331c367786
  CustomerIOTracking: 4b7d734466e4db0b7c41f3cbdb461c1fe272bf5b
  DoubleConversion: 5189b271737e1565bdce30deb4a08d647e3f5f54
  FBLazyVector: 6c76fe46345039d5cf0549e9ddaf5aa169630a4a
  FBReactNativeSpec: 1a270246542f5c52248cb26a96db119cfe3cb760
  fmt: ff9d55029c625d3757ed641535fd4a75fedc7ce9
  glog: 04b94705f318337d7ead9e6d17c019bd9b1f6b1b
  hermes-engine: 8e84f1284180801c1a1b241f443ba64f931ff561
  libevent: 4049cae6c81cdb3654a443be001fb9bdceff7913
  RCT-Folly: 0080d0a6ebf2577475bda044aa59e2ca1f909cda
  RCTRequired: d0e501e8024056451424aa341daa078c0c620b0d
  RCTTypeSafety: 14a3928ef69eeb4e5bb4f36fefb5ed6a392643ac
  React: a76fa5a8f540c9625fc16cfb3a7bbae9877716d5
  React-bridging: 3b8c4365cf22dc668cb4f29eafd83ace49a87835
  React-callinvoker: 0b108cf2d78be04f46f5e5fff53acfd019f8b9ab
  React-Codegen: 2f3419b3a3c825ccb6a399bcf0db53b9761235ed
  React-Core: 0a760f00a2cf3f44324266c227b01594f95ef7a0
  React-CoreModules: 4c5bc80e046efcb695d826ba276567051f91321e
  React-cxxreact: b07535295fd2c773a681f09d87dcba342e46dc7d
  React-hermes: 05a55bdc1b6887fdaf7a871f59728a007ddee30b
  React-jsi: baa181d7aa5867d5438f7969a257846cd7a97559
  React-jsiexecutor: be588b7abbea4f1d03840bc675d68d99380e5bf3
  React-jsinspector: bd839d6c2c28e49fe1373f055735d2abecbd6cf3
  React-logger: 48d82b9be8e44d86668de4453fdb60255516388b
  react-native-safe-area-context: b8979f5eda6ed5903d4dbc885be3846ea3daa753
  React-perflogger: 77947e49d84e31eb87d454d4ef327542dcfeaebc
  React-RCTActionSheet: 9f5fd6c1666c1a834ab7f45a452ed08b1de44eb8
  React-RCTAnimation: 6fd3db6ca387c8432fd6a26428e940a081bcb476
  React-RCTBlob: 43ff9a00ea606c911c14da74a5bd0a07b54d0c34
  React-RCTImage: 10ef13883116c1fd67ec3229d96556893771f747
  React-RCTLinking: ff75f970da9e1b0491cfe642f34d8a1ab5338715
  React-RCTNetwork: 0528cb19329a0764061ec053c4e3ab8a52ad8741
  React-RCTSettings: 26ef15ef3a9019fc09f4f8264f5ca79bf4dfc6de
  React-RCTText: 4eeb0a8afd28d691f0bd4c104bf3234d79c78b0c
  React-RCTVibration: 5499b77c0fd57f346a5f0b36bb79fdb020d17d3e
  React-runtimeexecutor: 80c195ffcafb190f531fdc849dc2d19cb4bb2b34
  ReactCommon: de55f940495d7bf87b5d7bf55b5b15cdd50d7d7b
  RNCAsyncStorage: ddc4ee162bfd41b0d2c68bf2d95acd81dd7f1f93
  RNCClipboard: 3f0451a8100393908bea5c5c5b16f96d45f30bfc
  RNCPushNotificationIOS: 64218f3c776c03d7408284a819b2abfda1834bc8
  RNDeviceInfo: 25d818c85db769cc0e7083d39efaa01a6f450df3
  RNGestureHandler: a479ebd5ed4221a810967000735517df0d2db211
  RNReanimated: 1b1b442d84cba454bae467c91a0ac3274e4ca25d
  RNScreens: 21b73c94c9117e1110a79ee0ee80c93ccefed8ce
  RNSnackbar: 3727b42bf6c4314a53c18185b5203e915a4ab020
  Yoga: 82c9e8f652789f67d98bed5aef9d6653f71b04a9

PODFILE CHECKSUM: d6144999ae7994e7bd61d0f75aa410828645f94f

COCOAPODS: 1.12.1
