// !$*UTF8*$!
{
	archiveVersion = 1;
	classes = {
	};
	objectVersion = 77;
	objects = {

/* Begin PBXBuildFile section */
		5344E07B85A0C0CECD6E7807 /* Pods_FCM.framework in Frameworks */ = {isa = PBXBuildFile; fileRef = 1949053033650BC5B8CCDBEB /* Pods_FCM.framework */; };
		60653F162DAF682B00C43B1A /* NotificationService.swift in Sources */ = {isa = PBXBuildFile; fileRef = 60653F152DAF682B00C43B1A /* NotificationService.swift */; };
		60C0F5102DA9D6E600879E80 /* NSE.appex in Embed Foundation Extensions */ = {isa = PBXBuildFile; fileRef = 60C0F5092DA9D6E600879E80 /* NSE.appex */; settings = {ATTRIBUTES = (RemoveHeadersOnCopy, ); }; };
		60FF4AFF2DA9DB5A00F8997B /* AppDelegate.swift in Sources */ = {isa = PBXBuildFile; fileRef = 60FF4AF92DA9DB5A00F8997B /* AppDelegate.swift */; };
		60FF4B002DA9DB5A00F8997B /* Images.xcassets in Resources */ = {isa = PBXBuildFile; fileRef = 60FF4AFB2DA9DB5A00F8997B /* Images.xcassets */; };
		60FF4B022DA9DB5A00F8997B /* LaunchScreen.storyboard in Resources */ = {isa = PBXBuildFile; fileRef = 60FF4AFD2DA9DB5A00F8997B /* LaunchScreen.storyboard */; };
		60FF4B032DA9DB5A00F8997B /* PrivacyInfo.xcprivacy in Resources */ = {isa = PBXBuildFile; fileRef = 60FF4AFE2DA9DB5A00F8997B /* PrivacyInfo.xcprivacy */; };
		983D03616F110639903F1FDE /* Pods_NSE.framework in Frameworks */ = {isa = PBXBuildFile; fileRef = E403D24431EDE602FBF13C84 /* Pods_NSE.framework */; };
/* End PBXBuildFile section */

/* Begin PBXContainerItemProxy section */
		60C0F50E2DA9D6E600879E80 /* PBXContainerItemProxy */ = {
			isa = PBXContainerItemProxy;
			containerPortal = 60C0F4C62DA9D50B00879E80 /* Project object */;
			proxyType = 1;
			remoteGlobalIDString = 60C0F5082DA9D6E600879E80;
			remoteInfo = NSE;
		};
/* End PBXContainerItemProxy section */

/* Begin PBXCopyFilesBuildPhase section */
		60C0F5112DA9D6E600879E80 /* Embed Foundation Extensions */ = {
			isa = PBXCopyFilesBuildPhase;
			buildActionMask = 2147483647;
			dstPath = "";
			dstSubfolderSpec = 13;
			files = (
				60C0F5102DA9D6E600879E80 /* NSE.appex in Embed Foundation Extensions */,
			);
			name = "Embed Foundation Extensions";
			runOnlyForDeploymentPostprocessing = 0;
		};
/* End PBXCopyFilesBuildPhase section */

/* Begin PBXFileReference section */
		01440C18DA2D5C1913364F57 /* Pods-FCM.release.xcconfig */ = {isa = PBXFileReference; includeInIndex = 1; lastKnownFileType = text.xcconfig; name = "Pods-FCM.release.xcconfig"; path = "Target Support Files/Pods-FCM/Pods-FCM.release.xcconfig"; sourceTree = "<group>"; };
		1949053033650BC5B8CCDBEB /* Pods_FCM.framework */ = {isa = PBXFileReference; explicitFileType = wrapper.framework; includeInIndex = 0; path = Pods_FCM.framework; sourceTree = BUILT_PRODUCTS_DIR; };
		600A17AC179D13FD66C3C1C0 /* Pods-FCM.debug.xcconfig */ = {isa = PBXFileReference; includeInIndex = 1; lastKnownFileType = text.xcconfig; name = "Pods-FCM.debug.xcconfig"; path = "Target Support Files/Pods-FCM/Pods-FCM.debug.xcconfig"; sourceTree = "<group>"; };
		60653F152DAF682B00C43B1A /* NotificationService.swift */ = {isa = PBXFileReference; lastKnownFileType = sourcecode.swift; name = NotificationService.swift; path = ../ios/NSE/NotificationService.swift; sourceTree = SOURCE_ROOT; };
		60C0F4CE2DA9D50B00879E80 /* FCM.app */ = {isa = PBXFileReference; explicitFileType = wrapper.application; includeInIndex = 0; path = FCM.app; sourceTree = BUILT_PRODUCTS_DIR; };
		60C0F5092DA9D6E600879E80 /* NSE.appex */ = {isa = PBXFileReference; explicitFileType = "wrapper.app-extension"; includeInIndex = 0; path = NSE.appex; sourceTree = BUILT_PRODUCTS_DIR; };
		60C0F5162DA9D6ED00879E80 /* Info.plist */ = {isa = PBXFileReference; lastKnownFileType = text.plist.xml; name = Info.plist; path = ../../ios/NSE/Info.plist; sourceTree = "<group>"; };
		60FF4AF92DA9DB5A00F8997B /* AppDelegate.swift */ = {isa = PBXFileReference; lastKnownFileType = sourcecode.swift; name = AppDelegate.swift; path = ../ios/App/AppDelegate.swift; sourceTree = SOURCE_ROOT; };
		60FF4AFA2DA9DB5A00F8997B /* Entitlements.entitlements */ = {isa = PBXFileReference; lastKnownFileType = text.plist.entitlements; name = Entitlements.entitlements; path = ../ios/App/Entitlements.entitlements; sourceTree = SOURCE_ROOT; };
		60FF4AFB2DA9DB5A00F8997B /* Images.xcassets */ = {isa = PBXFileReference; lastKnownFileType = folder.assetcatalog; name = Images.xcassets; path = ../ios/App/Images.xcassets; sourceTree = SOURCE_ROOT; };
		60FF4AFC2DA9DB5A00F8997B /* Info.plist */ = {isa = PBXFileReference; lastKnownFileType = text.plist.xml; name = Info.plist; path = ../ios/App/Info.plist; sourceTree = SOURCE_ROOT; };
		60FF4AFD2DA9DB5A00F8997B /* LaunchScreen.storyboard */ = {isa = PBXFileReference; lastKnownFileType = file.storyboard; name = LaunchScreen.storyboard; path = ../ios/App/LaunchScreen.storyboard; sourceTree = SOURCE_ROOT; };
		60FF4AFE2DA9DB5A00F8997B /* PrivacyInfo.xcprivacy */ = {isa = PBXFileReference; lastKnownFileType = text.xml; name = PrivacyInfo.xcprivacy; path = ../ios/App/PrivacyInfo.xcprivacy; sourceTree = SOURCE_ROOT; };
		6BF9BBA1ACCFA14EE1D2AEF2 /* Pods-NSE.debug.xcconfig */ = {isa = PBXFileReference; includeInIndex = 1; lastKnownFileType = text.xcconfig; name = "Pods-NSE.debug.xcconfig"; path = "Target Support Files/Pods-NSE/Pods-NSE.debug.xcconfig"; sourceTree = "<group>"; };
		9FEBBE8A625FC5FED35484DD /* Pods-NSE.release.xcconfig */ = {isa = PBXFileReference; includeInIndex = 1; lastKnownFileType = text.xcconfig; name = "Pods-NSE.release.xcconfig"; path = "Target Support Files/Pods-NSE/Pods-NSE.release.xcconfig"; sourceTree = "<group>"; };
		E403D24431EDE602FBF13C84 /* Pods_NSE.framework */ = {isa = PBXFileReference; explicitFileType = wrapper.framework; includeInIndex = 0; path = Pods_NSE.framework; sourceTree = BUILT_PRODUCTS_DIR; };
/* End PBXFileReference section */

/* Begin PBXFrameworksBuildPhase section */
		60C0F4CB2DA9D50B00879E80 /* Frameworks */ = {
			isa = PBXFrameworksBuildPhase;
			buildActionMask = 2147483647;
			files = (
				5344E07B85A0C0CECD6E7807 /* Pods_FCM.framework in Frameworks */,
			);
			runOnlyForDeploymentPostprocessing = 0;
		};
		60C0F5062DA9D6E600879E80 /* Frameworks */ = {
			isa = PBXFrameworksBuildPhase;
			buildActionMask = 2147483647;
			files = (
				983D03616F110639903F1FDE /* Pods_NSE.framework in Frameworks */,
			);
			runOnlyForDeploymentPostprocessing = 0;
		};
/* End PBXFrameworksBuildPhase section */

/* Begin PBXGroup section */
		60C0F4C52DA9D50B00879E80 = {
			isa = PBXGroup;
			children = (
				60C0F51E2DA9D6F100879E80 /* FCM */,
				60C0F5182DA9D6ED00879E80 /* NSE */,
				60C0F4CF2DA9D50B00879E80 /* Products */,
				619536E6ADACB9E3A207F9DD /* Pods */,
				D15D79EA734615D2268B4203 /* Frameworks */,
			);
			sourceTree = "<group>";
		};
		60C0F4CF2DA9D50B00879E80 /* Products */ = {
			isa = PBXGroup;
			children = (
				60C0F4CE2DA9D50B00879E80 /* FCM.app */,
				60C0F5092DA9D6E600879E80 /* NSE.appex */,
			);
			name = Products;
			sourceTree = "<group>";
		};
		60C0F5182DA9D6ED00879E80 /* NSE */ = {
			isa = PBXGroup;
			children = (
				60C0F5162DA9D6ED00879E80 /* Info.plist */,
				60653F152DAF682B00C43B1A /* NotificationService.swift */,
			);
			path = NSE;
			sourceTree = "<group>";
		};
		60C0F51E2DA9D6F100879E80 /* FCM */ = {
			isa = PBXGroup;
			children = (
				60FF4AF92DA9DB5A00F8997B /* AppDelegate.swift */,
				60FF4AFA2DA9DB5A00F8997B /* Entitlements.entitlements */,
				60FF4AFB2DA9DB5A00F8997B /* Images.xcassets */,
				60FF4AFC2DA9DB5A00F8997B /* Info.plist */,
				60FF4AFD2DA9DB5A00F8997B /* LaunchScreen.storyboard */,
				60FF4AFE2DA9DB5A00F8997B /* PrivacyInfo.xcprivacy */,
			);
			path = FCM;
			sourceTree = "<group>";
		};
		619536E6ADACB9E3A207F9DD /* Pods */ = {
			isa = PBXGroup;
			children = (
				600A17AC179D13FD66C3C1C0 /* Pods-FCM.debug.xcconfig */,
				01440C18DA2D5C1913364F57 /* Pods-FCM.release.xcconfig */,
				6BF9BBA1ACCFA14EE1D2AEF2 /* Pods-NSE.debug.xcconfig */,
				9FEBBE8A625FC5FED35484DD /* Pods-NSE.release.xcconfig */,
			);
			path = Pods;
			sourceTree = "<group>";
		};
		D15D79EA734615D2268B4203 /* Frameworks */ = {
			isa = PBXGroup;
			children = (
				1949053033650BC5B8CCDBEB /* Pods_FCM.framework */,
				E403D24431EDE602FBF13C84 /* Pods_NSE.framework */,
			);
			name = Frameworks;
			sourceTree = "<group>";
		};
/* End PBXGroup section */

/* Begin PBXNativeTarget section */
		60C0F4CD2DA9D50B00879E80 /* FCM */ = {
			isa = PBXNativeTarget;
			buildConfigurationList = 60C0F4D92DA9D50C00879E80 /* Build configuration list for PBXNativeTarget "FCM" */;
			buildPhases = (
				873B8CA3CB39534A6CE0AC3B /* [CP] Check Pods Manifest.lock */,
				60C0F4CA2DA9D50B00879E80 /* Sources */,
				60C0F4CB2DA9D50B00879E80 /* Frameworks */,
				60C0F4CC2DA9D50B00879E80 /* Resources */,
				60C0F5112DA9D6E600879E80 /* Embed Foundation Extensions */,
				E359223BF90CF3FDA6B771C6 /* [CP] Embed Pods Frameworks */,
				A0A5E5496B2E3B79628D20F8 /* [CP] Copy Pods Resources */,
			);
			buildRules = (
			);
			dependencies = (
				60C0F50F2DA9D6E600879E80 /* PBXTargetDependency */,
			);
			name = FCM;
			productName = FCM;
			productReference = 60C0F4CE2DA9D50B00879E80 /* FCM.app */;
			productType = "com.apple.product-type.application";
		};
		60C0F5082DA9D6E600879E80 /* NSE */ = {
			isa = PBXNativeTarget;
			buildConfigurationList = 60C0F5152DA9D6E600879E80 /* Build configuration list for PBXNativeTarget "NSE" */;
			buildPhases = (
				C816D90948CF141A854C55BF /* [CP] Check Pods Manifest.lock */,
				60C0F5052DA9D6E600879E80 /* Sources */,
				60C0F5062DA9D6E600879E80 /* Frameworks */,
				60C0F5072DA9D6E600879E80 /* Resources */,
			);
			buildRules = (
			);
			dependencies = (
			);
			name = NSE;
			productName = NSE;
			productReference = 60C0F5092DA9D6E600879E80 /* NSE.appex */;
			productType = "com.apple.product-type.app-extension";
		};
/* End PBXNativeTarget section */

/* Begin PBXProject section */
		60C0F4C62DA9D50B00879E80 /* Project object */ = {
			isa = PBXProject;
			attributes = {
				BuildIndependentTargetsInParallel = 1;
				LastSwiftUpdateCheck = 1630;
				LastUpgradeCheck = 1630;
				TargetAttributes = {
					60C0F4CD2DA9D50B00879E80 = {
						CreatedOnToolsVersion = 16.3;
						LastSwiftMigration = 1630;
					};
					60C0F5082DA9D6E600879E80 = {
						CreatedOnToolsVersion = 16.3;
						LastSwiftMigration = 1630;
					};
				};
			};
			buildConfigurationList = 60C0F4C92DA9D50B00879E80 /* Build configuration list for PBXProject "FCM" */;
			developmentRegion = en;
			hasScannedForEncodings = 0;
			knownRegions = (
				en,
				Base,
			);
			mainGroup = 60C0F4C52DA9D50B00879E80;
			minimizedProjectReferenceProxies = 1;
			preferredProjectObjectVersion = 77;
			productRefGroup = 60C0F4CF2DA9D50B00879E80 /* Products */;
			projectDirPath = "";
			projectRoot = "";
			targets = (
				60C0F4CD2DA9D50B00879E80 /* FCM */,
				60C0F5082DA9D6E600879E80 /* NSE */,
			);
		};
/* End PBXProject section */

/* Begin PBXResourcesBuildPhase section */
		60C0F4CC2DA9D50B00879E80 /* Resources */ = {
			isa = PBXResourcesBuildPhase;
			buildActionMask = 2147483647;
			files = (
				60FF4B002DA9DB5A00F8997B /* Images.xcassets in Resources */,
				60FF4B022DA9DB5A00F8997B /* LaunchScreen.storyboard in Resources */,
				60FF4B032DA9DB5A00F8997B /* PrivacyInfo.xcprivacy in Resources */,
			);
			runOnlyForDeploymentPostprocessing = 0;
		};
		60C0F5072DA9D6E600879E80 /* Resources */ = {
			isa = PBXResourcesBuildPhase;
			buildActionMask = 2147483647;
			files = (
			);
			runOnlyForDeploymentPostprocessing = 0;
		};
/* End PBXResourcesBuildPhase section */

/* Begin PBXShellScriptBuildPhase section */
		873B8CA3CB39534A6CE0AC3B /* [CP] Check Pods Manifest.lock */ = {
			isa = PBXShellScriptBuildPhase;
			buildActionMask = 2147483647;
			files = (
			);
			inputFileListPaths = (
			);
			inputPaths = (
				"${PODS_PODFILE_DIR_PATH}/Podfile.lock",
				"${PODS_ROOT}/Manifest.lock",
			);
			name = "[CP] Check Pods Manifest.lock";
			outputFileListPaths = (
			);
			outputPaths = (
				"$(DERIVED_FILE_DIR)/Pods-FCM-checkManifestLockResult.txt",
			);
			runOnlyForDeploymentPostprocessing = 0;
			shellPath = /bin/sh;
			shellScript = "diff \"${PODS_PODFILE_DIR_PATH}/Podfile.lock\" \"${PODS_ROOT}/Manifest.lock\" > /dev/null\nif [ $? != 0 ] ; then\n    # print error to STDERR\n    echo \"error: The sandbox is not in sync with the Podfile.lock. Run 'pod install' or update your CocoaPods installation.\" >&2\n    exit 1\nfi\n# This output is used by Xcode 'outputs' to avoid re-running this script phase.\necho \"SUCCESS\" > \"${SCRIPT_OUTPUT_FILE_0}\"\n";
			showEnvVarsInLog = 0;
		};
		A0A5E5496B2E3B79628D20F8 /* [CP] Copy Pods Resources */ = {
			isa = PBXShellScriptBuildPhase;
			buildActionMask = 2147483647;
			files = (
			);
			inputFileListPaths = (
				"${PODS_ROOT}/Target Support Files/Pods-FCM/Pods-FCM-resources-${CONFIGURATION}-input-files.xcfilelist",
			);
			inputPaths = (
			);
			name = "[CP] Copy Pods Resources";
			outputFileListPaths = (
				"${PODS_ROOT}/Target Support Files/Pods-FCM/Pods-FCM-resources-${CONFIGURATION}-output-files.xcfilelist",
			);
			outputPaths = (
			);
			runOnlyForDeploymentPostprocessing = 0;
			shellPath = /bin/sh;
			shellScript = "\"${PODS_ROOT}/Target Support Files/Pods-FCM/Pods-FCM-resources.sh\"\n";
			showEnvVarsInLog = 0;
		};
		C816D90948CF141A854C55BF /* [CP] Check Pods Manifest.lock */ = {
			isa = PBXShellScriptBuildPhase;
			buildActionMask = 2147483647;
			files = (
			);
			inputFileListPaths = (
			);
			inputPaths = (
				"${PODS_PODFILE_DIR_PATH}/Podfile.lock",
				"${PODS_ROOT}/Manifest.lock",
			);
			name = "[CP] Check Pods Manifest.lock";
			outputFileListPaths = (
			);
			outputPaths = (
				"$(DERIVED_FILE_DIR)/Pods-NSE-checkManifestLockResult.txt",
			);
			runOnlyForDeploymentPostprocessing = 0;
			shellPath = /bin/sh;
			shellScript = "diff \"${PODS_PODFILE_DIR_PATH}/Podfile.lock\" \"${PODS_ROOT}/Manifest.lock\" > /dev/null\nif [ $? != 0 ] ; then\n    # print error to STDERR\n    echo \"error: The sandbox is not in sync with the Podfile.lock. Run 'pod install' or update your CocoaPods installation.\" >&2\n    exit 1\nfi\n# This output is used by Xcode 'outputs' to avoid re-running this script phase.\necho \"SUCCESS\" > \"${SCRIPT_OUTPUT_FILE_0}\"\n";
			showEnvVarsInLog = 0;
		};
		E359223BF90CF3FDA6B771C6 /* [CP] Embed Pods Frameworks */ = {
			isa = PBXShellScriptBuildPhase;
			buildActionMask = 2147483647;
			files = (
			);
			inputFileListPaths = (
				"${PODS_ROOT}/Target Support Files/Pods-FCM/Pods-FCM-frameworks-${CONFIGURATION}-input-files.xcfilelist",
			);
			inputPaths = (
			);
			name = "[CP] Embed Pods Frameworks";
			outputFileListPaths = (
				"${PODS_ROOT}/Target Support Files/Pods-FCM/Pods-FCM-frameworks-${CONFIGURATION}-output-files.xcfilelist",
			);
			outputPaths = (
			);
			runOnlyForDeploymentPostprocessing = 0;
			shellPath = /bin/sh;
			shellScript = "\"${PODS_ROOT}/Target Support Files/Pods-FCM/Pods-FCM-frameworks.sh\"\n";
			showEnvVarsInLog = 0;
		};
/* End PBXShellScriptBuildPhase section */

/* Begin PBXSourcesBuildPhase section */
		60C0F4CA2DA9D50B00879E80 /* Sources */ = {
			isa = PBXSourcesBuildPhase;
			buildActionMask = 2147483647;
			files = (
				60FF4AFF2DA9DB5A00F8997B /* AppDelegate.swift in Sources */,
			);
			runOnlyForDeploymentPostprocessing = 0;
		};
		60C0F5052DA9D6E600879E80 /* Sources */ = {
			isa = PBXSourcesBuildPhase;
			buildActionMask = 2147483647;
			files = (
				60653F162DAF682B00C43B1A /* NotificationService.swift in Sources */,
			);
			runOnlyForDeploymentPostprocessing = 0;
		};
/* End PBXSourcesBuildPhase section */

/* Begin PBXTargetDependency section */
		60C0F50F2DA9D6E600879E80 /* PBXTargetDependency */ = {
			isa = PBXTargetDependency;
			target = 60C0F5082DA9D6E600879E80 /* NSE */;
			targetProxy = 60C0F50E2DA9D6E600879E80 /* PBXContainerItemProxy */;
		};
/* End PBXTargetDependency section */

/* Begin XCBuildConfiguration section */
		60C0F4D72DA9D50C00879E80 /* Debug */ = {
			isa = XCBuildConfiguration;
			buildSettings = {
				ALWAYS_SEARCH_USER_PATHS = NO;
				ASSETCATALOG_COMPILER_GENERATE_SWIFT_ASSET_SYMBOL_EXTENSIONS = YES;
				CLANG_ANALYZER_NONNULL = YES;
				CLANG_ANALYZER_NUMBER_OBJECT_CONVERSION = YES_AGGRESSIVE;
				CLANG_CXX_LANGUAGE_STANDARD = "c++20";
				CLANG_ENABLE_MODULES = YES;
				CLANG_ENABLE_OBJC_ARC = YES;
				CLANG_ENABLE_OBJC_WEAK = YES;
				CLANG_WARN_BLOCK_CAPTURE_AUTORELEASING = YES;
				CLANG_WARN_BOOL_CONVERSION = YES;
				CLANG_WARN_COMMA = YES;
				CLANG_WARN_CONSTANT_CONVERSION = YES;
				CLANG_WARN_DEPRECATED_OBJC_IMPLEMENTATIONS = YES;
				CLANG_WARN_DIRECT_OBJC_ISA_USAGE = YES_ERROR;
				CLANG_WARN_DOCUMENTATION_COMMENTS = YES;
				CLANG_WARN_EMPTY_BODY = YES;
				CLANG_WARN_ENUM_CONVERSION = YES;
				CLANG_WARN_INFINITE_RECURSION = YES;
				CLANG_WARN_INT_CONVERSION = YES;
				CLANG_WARN_NON_LITERAL_NULL_CONVERSION = YES;
				CLANG_WARN_OBJC_IMPLICIT_RETAIN_SELF = YES;
				CLANG_WARN_OBJC_LITERAL_CONVERSION = YES;
				CLANG_WARN_OBJC_ROOT_CLASS = YES_ERROR;
				CLANG_WARN_QUOTED_INCLUDE_IN_FRAMEWORK_HEADER = YES;
				CLANG_WARN_RANGE_LOOP_ANALYSIS = YES;
				CLANG_WARN_STRICT_PROTOTYPES = YES;
				CLANG_WARN_SUSPICIOUS_MOVE = YES;
				CLANG_WARN_UNGUARDED_AVAILABILITY = YES_AGGRESSIVE;
				CLANG_WARN_UNREACHABLE_CODE = YES;
				CLANG_WARN__DUPLICATE_METHOD_MATCH = YES;
				COPY_PHASE_STRIP = NO;
				DEBUG_INFORMATION_FORMAT = dwarf;
				DEVELOPMENT_TEAM = 7Q37QJKEN8;
				ENABLE_STRICT_OBJC_MSGSEND = YES;
				ENABLE_TESTABILITY = YES;
				ENABLE_USER_SCRIPT_SANDBOXING = YES;
				GCC_C_LANGUAGE_STANDARD = gnu17;
				GCC_DYNAMIC_NO_PIC = NO;
				GCC_NO_COMMON_BLOCKS = YES;
				GCC_OPTIMIZATION_LEVEL = 0;
				GCC_PREPROCESSOR_DEFINITIONS = (
					"DEBUG=1",
					"$(inherited)",
				);
				GCC_WARN_64_TO_32_BIT_CONVERSION = YES;
				GCC_WARN_ABOUT_RETURN_TYPE = YES_ERROR;
				GCC_WARN_UNDECLARED_SELECTOR = YES;
				GCC_WARN_UNINITIALIZED_AUTOS = YES_AGGRESSIVE;
				GCC_WARN_UNUSED_FUNCTION = YES;
				GCC_WARN_UNUSED_VARIABLE = YES;
				HEADER_SEARCH_PATHS = (
					"$(inherited)",
					"${PODS_CONFIGURATION_BUILD_DIR}/ReactCommon/ReactCommon.framework/Headers",
					"${PODS_CONFIGURATION_BUILD_DIR}/ReactCommon/ReactCommon.framework/Headers/react/nativemodule/core",
					"${PODS_CONFIGURATION_BUILD_DIR}/ReactCommon-Samples/ReactCommon_Samples.framework/Headers",
					"${PODS_CONFIGURATION_BUILD_DIR}/ReactCommon-Samples/ReactCommon_Samples.framework/Headers/platform/ios",
					"${PODS_CONFIGURATION_BUILD_DIR}/React-Fabric/React_Fabric.framework/Headers/react/renderer/components/view/platform/cxx",
					"${PODS_CONFIGURATION_BUILD_DIR}/React-NativeModulesApple/React_NativeModulesApple.framework/Headers",
					"${PODS_CONFIGURATION_BUILD_DIR}/React-graphics/React_graphics.framework/Headers",
					"${PODS_CONFIGURATION_BUILD_DIR}/React-graphics/React_graphics.framework/Headers/react/renderer/graphics/platform/ios",
				);
				IPHONEOS_DEPLOYMENT_TARGET = 18.4;
				LOCALIZATION_PREFERS_STRING_CATALOGS = YES;
				MTL_ENABLE_DEBUG_INFO = INCLUDE_SOURCE;
				MTL_FAST_MATH = YES;
				ONLY_ACTIVE_ARCH = YES;
				OTHER_LDFLAGS = "$(inherited)  ";
				REACT_NATIVE_PATH = "${PODS_ROOT}/../../node_modules/react-native";
				SDKROOT = iphoneos;
				SWIFT_ACTIVE_COMPILATION_CONDITIONS = "$(inherited) DEBUG";
				SWIFT_OPTIMIZATION_LEVEL = "-Onone";
				USE_HERMES = true;
			};
			name = Debug;
		};
		60C0F4D82DA9D50C00879E80 /* Release */ = {
			isa = XCBuildConfiguration;
			buildSettings = {
				ALWAYS_SEARCH_USER_PATHS = NO;
				ASSETCATALOG_COMPILER_GENERATE_SWIFT_ASSET_SYMBOL_EXTENSIONS = YES;
				CLANG_ANALYZER_NONNULL = YES;
				CLANG_ANALYZER_NUMBER_OBJECT_CONVERSION = YES_AGGRESSIVE;
				CLANG_CXX_LANGUAGE_STANDARD = "c++20";
				CLANG_ENABLE_MODULES = YES;
				CLANG_ENABLE_OBJC_ARC = YES;
				CLANG_ENABLE_OBJC_WEAK = YES;
				CLANG_WARN_BLOCK_CAPTURE_AUTORELEASING = YES;
				CLANG_WARN_BOOL_CONVERSION = YES;
				CLANG_WARN_COMMA = YES;
				CLANG_WARN_CONSTANT_CONVERSION = YES;
				CLANG_WARN_DEPRECATED_OBJC_IMPLEMENTATIONS = YES;
				CLANG_WARN_DIRECT_OBJC_ISA_USAGE = YES_ERROR;
				CLANG_WARN_DOCUMENTATION_COMMENTS = YES;
				CLANG_WARN_EMPTY_BODY = YES;
				CLANG_WARN_ENUM_CONVERSION = YES;
				CLANG_WARN_INFINITE_RECURSION = YES;
				CLANG_WARN_INT_CONVERSION = YES;
				CLANG_WARN_NON_LITERAL_NULL_CONVERSION = YES;
				CLANG_WARN_OBJC_IMPLICIT_RETAIN_SELF = YES;
				CLANG_WARN_OBJC_LITERAL_CONVERSION = YES;
				CLANG_WARN_OBJC_ROOT_CLASS = YES_ERROR;
				CLANG_WARN_QUOTED_INCLUDE_IN_FRAMEWORK_HEADER = YES;
				CLANG_WARN_RANGE_LOOP_ANALYSIS = YES;
				CLANG_WARN_STRICT_PROTOTYPES = YES;
				CLANG_WARN_SUSPICIOUS_MOVE = YES;
				CLANG_WARN_UNGUARDED_AVAILABILITY = YES_AGGRESSIVE;
				CLANG_WARN_UNREACHABLE_CODE = YES;
				CLANG_WARN__DUPLICATE_METHOD_MATCH = YES;
				COPY_PHASE_STRIP = NO;
				DEBUG_INFORMATION_FORMAT = "dwarf-with-dsym";
				DEVELOPMENT_TEAM = 7Q37QJKEN8;
				ENABLE_NS_ASSERTIONS = NO;
				ENABLE_STRICT_OBJC_MSGSEND = YES;
				ENABLE_USER_SCRIPT_SANDBOXING = YES;
				GCC_C_LANGUAGE_STANDARD = gnu17;
				GCC_NO_COMMON_BLOCKS = YES;
				GCC_WARN_64_TO_32_BIT_CONVERSION = YES;
				GCC_WARN_ABOUT_RETURN_TYPE = YES_ERROR;
				GCC_WARN_UNDECLARED_SELECTOR = YES;
				GCC_WARN_UNINITIALIZED_AUTOS = YES_AGGRESSIVE;
				GCC_WARN_UNUSED_FUNCTION = YES;
				GCC_WARN_UNUSED_VARIABLE = YES;
				HEADER_SEARCH_PATHS = (
					"$(inherited)",
					"${PODS_CONFIGURATION_BUILD_DIR}/ReactCommon/ReactCommon.framework/Headers",
					"${PODS_CONFIGURATION_BUILD_DIR}/ReactCommon/ReactCommon.framework/Headers/react/nativemodule/core",
					"${PODS_CONFIGURATION_BUILD_DIR}/ReactCommon-Samples/ReactCommon_Samples.framework/Headers",
					"${PODS_CONFIGURATION_BUILD_DIR}/ReactCommon-Samples/ReactCommon_Samples.framework/Headers/platform/ios",
					"${PODS_CONFIGURATION_BUILD_DIR}/React-Fabric/React_Fabric.framework/Headers/react/renderer/components/view/platform/cxx",
					"${PODS_CONFIGURATION_BUILD_DIR}/React-NativeModulesApple/React_NativeModulesApple.framework/Headers",
					"${PODS_CONFIGURATION_BUILD_DIR}/React-graphics/React_graphics.framework/Headers",
					"${PODS_CONFIGURATION_BUILD_DIR}/React-graphics/React_graphics.framework/Headers/react/renderer/graphics/platform/ios",
				);
				IPHONEOS_DEPLOYMENT_TARGET = 18.4;
				LOCALIZATION_PREFERS_STRING_CATALOGS = YES;
				MTL_ENABLE_DEBUG_INFO = NO;
				MTL_FAST_MATH = YES;
				OTHER_LDFLAGS = "$(inherited)  ";
				REACT_NATIVE_PATH = "${PODS_ROOT}/../../node_modules/react-native";
				SDKROOT = iphoneos;
				SWIFT_COMPILATION_MODE = wholemodule;
				USE_HERMES = true;
				VALIDATE_PRODUCT = YES;
			};
			name = Release;
		};
		60C0F4DA2DA9D50C00879E80 /* Debug */ = {
			isa = XCBuildConfiguration;
			baseConfigurationReference = 600A17AC179D13FD66C3C1C0 /* Pods-FCM.debug.xcconfig */;
			buildSettings = {
				ASSETCATALOG_COMPILER_APPICON_NAME = AppIcon;
				ASSETCATALOG_COMPILER_GLOBAL_ACCENT_COLOR_NAME = AccentColor;
				CLANG_ENABLE_MODULES = YES;
				CODE_SIGN_STYLE = Automatic;
				CURRENT_PROJECT_VERSION = 1;
				DEVELOPMENT_TEAM = 7Q37QJKEN8;
				ENABLE_PREVIEWS = YES;
				ENABLE_USER_SCRIPT_SANDBOXING = NO;
				GENERATE_INFOPLIST_FILE = YES;
				INFOPLIST_FILE = ../ios/App/Info.plist;
				INFOPLIST_KEY_CFBundleDisplayName = "$(PRODUCT_NAME)";
				INFOPLIST_KEY_NSLocationWhenInUseUsageDescription = "";
				INFOPLIST_KEY_UIApplicationSupportsIndirectInputEvents = YES;
				INFOPLIST_KEY_UILaunchScreen_Generation = YES;
				INFOPLIST_KEY_UILaunchStoryboardName = LaunchScreen;
				INFOPLIST_KEY_UIRequiredDeviceCapabilities = arm64;
				INFOPLIST_KEY_UISupportedInterfaceOrientations = "UIInterfaceOrientationPortrait UIInterfaceOrientationLandscapeLeft UIInterfaceOrientationLandscapeRight";
				INFOPLIST_KEY_UISupportedInterfaceOrientations_iPad = "UIInterfaceOrientationPortrait UIInterfaceOrientationPortraitUpsideDown UIInterfaceOrientationLandscapeLeft UIInterfaceOrientationLandscapeRight";
				INFOPLIST_KEY_UISupportedInterfaceOrientations_iPhone = "UIInterfaceOrientationPortrait UIInterfaceOrientationLandscapeLeft UIInterfaceOrientationLandscapeRight";
				LD_RUNPATH_SEARCH_PATHS = (
					"$(inherited)",
					"@executable_path/Frameworks",
				);
				MARKETING_VERSION = 1.0;
				PRODUCT_BUNDLE_IDENTIFIER = "io.customer.rn-sample.fcm";
				PRODUCT_NAME = "$(TARGET_NAME)";
				SWIFT_EMIT_LOC_STRINGS = YES;
				SWIFT_OPTIMIZATION_LEVEL = "-Onone";
				SWIFT_VERSION = 5.0;
				TARGETED_DEVICE_FAMILY = "1,2";
			};
			name = Debug;
		};
		60C0F4DB2DA9D50C00879E80 /* Release */ = {
			isa = XCBuildConfiguration;
			baseConfigurationReference = 01440C18DA2D5C1913364F57 /* Pods-FCM.release.xcconfig */;
			buildSettings = {
				ASSETCATALOG_COMPILER_APPICON_NAME = AppIcon;
				ASSETCATALOG_COMPILER_GLOBAL_ACCENT_COLOR_NAME = AccentColor;
				CLANG_ENABLE_MODULES = YES;
				CODE_SIGN_STYLE = Automatic;
				CURRENT_PROJECT_VERSION = 1;
				DEVELOPMENT_TEAM = 7Q37QJKEN8;
				ENABLE_PREVIEWS = YES;
				ENABLE_USER_SCRIPT_SANDBOXING = NO;
				GENERATE_INFOPLIST_FILE = YES;
				INFOPLIST_FILE = ../ios/App/Info.plist;
				INFOPLIST_KEY_CFBundleDisplayName = "$(PRODUCT_NAME)";
				INFOPLIST_KEY_NSLocationWhenInUseUsageDescription = "";
				INFOPLIST_KEY_UIApplicationSupportsIndirectInputEvents = YES;
				INFOPLIST_KEY_UILaunchScreen_Generation = YES;
				INFOPLIST_KEY_UILaunchStoryboardName = LaunchScreen;
				INFOPLIST_KEY_UIRequiredDeviceCapabilities = arm64;
				INFOPLIST_KEY_UISupportedInterfaceOrientations = "UIInterfaceOrientationPortrait UIInterfaceOrientationLandscapeLeft UIInterfaceOrientationLandscapeRight";
				INFOPLIST_KEY_UISupportedInterfaceOrientations_iPad = "UIInterfaceOrientationPortrait UIInterfaceOrientationPortraitUpsideDown UIInterfaceOrientationLandscapeLeft UIInterfaceOrientationLandscapeRight";
				INFOPLIST_KEY_UISupportedInterfaceOrientations_iPhone = "UIInterfaceOrientationPortrait UIInterfaceOrientationLandscapeLeft UIInterfaceOrientationLandscapeRight";
				LD_RUNPATH_SEARCH_PATHS = (
					"$(inherited)",
					"@executable_path/Frameworks",
				);
				MARKETING_VERSION = 1.0;
				PRODUCT_BUNDLE_IDENTIFIER = "io.customer.rn-sample.fcm";
				PRODUCT_NAME = "$(TARGET_NAME)";
				SWIFT_EMIT_LOC_STRINGS = YES;
				SWIFT_VERSION = 5.0;
				TARGETED_DEVICE_FAMILY = "1,2";
			};
			name = Release;
		};
		60C0F5122DA9D6E600879E80 /* Debug */ = {
			isa = XCBuildConfiguration;
			baseConfigurationReference = 6BF9BBA1ACCFA14EE1D2AEF2 /* Pods-NSE.debug.xcconfig */;
			buildSettings = {
				CLANG_ENABLE_MODULES = YES;
				CODE_SIGN_STYLE = Automatic;
				CURRENT_PROJECT_VERSION = 1;
				DEVELOPMENT_TEAM = 7Q37QJKEN8;
				ENABLE_USER_SCRIPT_SANDBOXING = NO;
				GENERATE_INFOPLIST_FILE = YES;
				INFOPLIST_FILE = ../ios/NSE/Info.plist;
				INFOPLIST_KEY_CFBundleDisplayName = NSE;
				INFOPLIST_KEY_NSHumanReadableCopyright = "";
				LD_RUNPATH_SEARCH_PATHS = (
					"$(inherited)",
					"@executable_path/Frameworks",
					"@executable_path/../../Frameworks",
				);
				MARKETING_VERSION = 1.0;
				PRODUCT_BUNDLE_IDENTIFIER = "io.customer.rn-sample.fcm.NSE";
				PRODUCT_NAME = "$(TARGET_NAME)";
				SKIP_INSTALL = YES;
				SWIFT_EMIT_LOC_STRINGS = YES;
				SWIFT_OPTIMIZATION_LEVEL = "-Onone";
				SWIFT_VERSION = 5.0;
				TARGETED_DEVICE_FAMILY = "1,2";
			};
			name = Debug;
		};
		60C0F5132DA9D6E600879E80 /* Release */ = {
			isa = XCBuildConfiguration;
			baseConfigurationReference = 9FEBBE8A625FC5FED35484DD /* Pods-NSE.release.xcconfig */;
			buildSettings = {
				CLANG_ENABLE_MODULES = YES;
				CODE_SIGN_STYLE = Automatic;
				CURRENT_PROJECT_VERSION = 1;
				DEVELOPMENT_TEAM = 7Q37QJKEN8;
				ENABLE_USER_SCRIPT_SANDBOXING = NO;
				GENERATE_INFOPLIST_FILE = YES;
				INFOPLIST_FILE = ../ios/NSE/Info.plist;
				INFOPLIST_KEY_CFBundleDisplayName = NSE;
				INFOPLIST_KEY_NSHumanReadableCopyright = "";
				LD_RUNPATH_SEARCH_PATHS = (
					"$(inherited)",
					"@executable_path/Frameworks",
					"@executable_path/../../Frameworks",
				);
				MARKETING_VERSION = 1.0;
				PRODUCT_BUNDLE_IDENTIFIER = "io.customer.rn-sample.fcm.NSE";
				PRODUCT_NAME = "$(TARGET_NAME)";
				SKIP_INSTALL = YES;
				SWIFT_EMIT_LOC_STRINGS = YES;
				SWIFT_VERSION = 5.0;
				TARGETED_DEVICE_FAMILY = "1,2";
			};
			name = Release;
		};
/* End XCBuildConfiguration section */

/* Begin XCConfigurationList section */
		60C0F4C92DA9D50B00879E80 /* Build configuration list for PBXProject "FCM" */ = {
			isa = XCConfigurationList;
			buildConfigurations = (
				60C0F4D72DA9D50C00879E80 /* Debug */,
				60C0F4D82DA9D50C00879E80 /* Release */,
			);
			defaultConfigurationIsVisible = 0;
			defaultConfigurationName = Release;
		};
		60C0F4D92DA9D50C00879E80 /* Build configuration list for PBXNativeTarget "FCM" */ = {
			isa = XCConfigurationList;
			buildConfigurations = (
				60C0F4DA2DA9D50C00879E80 /* Debug */,
				60C0F4DB2DA9D50C00879E80 /* Release */,
			);
			defaultConfigurationIsVisible = 0;
			defaultConfigurationName = Release;
		};
		60C0F5152DA9D6E600879E80 /* Build configuration list for PBXNativeTarget "NSE" */ = {
			isa = XCConfigurationList;
			buildConfigurations = (
				60C0F5122DA9D6E600879E80 /* Debug */,
				60C0F5132DA9D6E600879E80 /* Release */,
			);
			defaultConfigurationIsVisible = 0;
			defaultConfigurationName = Release;
		};
/* End XCConfigurationList section */
	};
	rootObject = 60C0F4C62DA9D50B00879E80 /* Project object */;
}
